// !$*UTF8*$!
{
	archiveVersion = 1;
	classes = {
	};
	objectVersion = 46;
	objects = {

/* Begin PBXBuildFile section */
		021CC6121E680799007322ED /* IWImageCollectView.m in Sources */ = {isa = PBXBuildFile; fileRef = 021CC6111E680799007322ED /* IWImageCollectView.m */; };
		021CC61F1E6810D5007322ED /* LHBrowsingImageView.m in Sources */ = {isa = PBXBuildFile; fileRef = 021CC6151E6810D5007322ED /* LHBrowsingImageView.m */; };
		021CC6201E6810D5007322ED /* LHCollectionViewController.m in Sources */ = {isa = PBXBuildFile; fileRef = 021CC6171E6810D5007322ED /* LHCollectionViewController.m */; };
		021CC6211E6810D5007322ED /* LHGroupTableViewCell.m in Sources */ = {isa = PBXBuildFile; fileRef = 021CC61A1E6810D5007322ED /* LHGroupTableViewCell.m */; };
		021CC6221E6810D5007322ED /* LHGroupViewController.m in Sources */ = {isa = PBXBuildFile; fileRef = 021CC61C1E6810D5007322ED /* LHGroupViewController.m */; };
		021CC6231E6810D5007322ED /* LHPhotoList.m in Sources */ = {isa = PBXBuildFile; fileRef = 021CC61E1E6810D5007322ED /* LHPhotoList.m */; };
		0275B60F1E6976DC0076B5F6 /* UICustomCollectionView.m in Sources */ = {isa = PBXBuildFile; fileRef = 0275B60E1E6976DC0076B5F6 /* UICustomCollectionView.m */; };
		028699761E654D8000AEC1A5 /* MJPhoto.m in Sources */ = {isa = PBXBuildFile; fileRef = 0286996A1E654D8000AEC1A5 /* MJPhoto.m */; };
		028699771E654D8000AEC1A5 /* MJPhotoBrowser.bundle in Resources */ = {isa = PBXBuildFile; fileRef = 0286996B1E654D8000AEC1A5 /* MJPhotoBrowser.bundle */; };
		028699781E654D8000AEC1A5 /* MJPhotoBrowser.m in Sources */ = {isa = PBXBuildFile; fileRef = 0286996D1E654D8000AEC1A5 /* MJPhotoBrowser.m */; };
		028699791E654D8000AEC1A5 /* MJPhotoLoadingView.m in Sources */ = {isa = PBXBuildFile; fileRef = 0286996F1E654D8000AEC1A5 /* MJPhotoLoadingView.m */; };
		0286997A1E654D8000AEC1A5 /* MJPhotoProgressView.m in Sources */ = {isa = PBXBuildFile; fileRef = 028699711E654D8000AEC1A5 /* MJPhotoProgressView.m */; };
		0286997B1E654D8000AEC1A5 /* MJPhotoToolbar.m in Sources */ = {isa = PBXBuildFile; fileRef = 028699731E654D8000AEC1A5 /* MJPhotoToolbar.m */; };
		0286997C1E654D8000AEC1A5 /* MJPhotoView.m in Sources */ = {isa = PBXBuildFile; fileRef = 028699751E654D8000AEC1A5 /* MJPhotoView.m */; };
		0286998C1E654E6200AEC1A5 /* SVIndefiniteAnimatedView.m in Sources */ = {isa = PBXBuildFile; fileRef = 0286997F1E654E6200AEC1A5 /* SVIndefiniteAnimatedView.m */; };
		0286998D1E654E6200AEC1A5 /* SVProgressAnimatedView.m in Sources */ = {isa = PBXBuildFile; fileRef = 028699811E654E6200AEC1A5 /* SVProgressAnimatedView.m */; };
		0286998E1E654E6200AEC1A5 /* SVProgressHUD.bundle in Resources */ = {isa = PBXBuildFile; fileRef = 028699821E654E6200AEC1A5 /* SVProgressHUD.bundle */; };
		0286998F1E654E6200AEC1A5 /* SVProgressHUD.m in Sources */ = {isa = PBXBuildFile; fileRef = 028699841E654E6200AEC1A5 /* SVProgressHUD.m */; };
		028699901E654E6200AEC1A5 /* SVRadialGradientLayer.m in Sources */ = {isa = PBXBuildFile; fileRef = 028699861E654E6200AEC1A5 /* SVRadialGradientLayer.m */; };
		028699911E654E6200AEC1A5 /* YLGIFImage.m in Sources */ = {isa = PBXBuildFile; fileRef = 028699891E654E6200AEC1A5 /* YLGIFImage.m */; };
		028699921E654E6200AEC1A5 /* YLImageView.m in Sources */ = {isa = PBXBuildFile; fileRef = 0286998B1E654E6200AEC1A5 /* YLImageView.m */; };
		028BF0F51E6FA49C0064C6A3 /* BLUITextFieldView.m in Sources */ = {isa = PBXBuildFile; fileRef = 028BF0F41E6FA49C0064C6A3 /* BLUITextFieldView.m */; };
		02CA2C2F1E56ABD000C1065F /* MBProgressHUD+MJ.m in Sources */ = {isa = PBXBuildFile; fileRef = 02CA2C2E1E56ABD000C1065F /* MBProgressHUD+MJ.m */; };
		0825CA3B191F5E690013C81A /* IWPhotosView.m in Sources */ = {isa = PBXBuildFile; fileRef = 0825CA3A191F5E690013C81A /* IWPhotosView.m */; };
		0825CA3E191F73EA0013C81A /* IWPhotoView.m in Sources */ = {isa = PBXBuildFile; fileRef = 0825CA3D191F73EA0013C81A /* IWPhotoView.m */; };
		0829D89619172DBE005E4B1D /* Foundation.framework in Frameworks */ = {isa = PBXBuildFile; fileRef = 0829D89519172DBE005E4B1D /* Foundation.framework */; };
		0829D89819172DBE005E4B1D /* CoreGraphics.framework in Frameworks */ = {isa = PBXBuildFile; fileRef = 0829D89719172DBE005E4B1D /* CoreGraphics.framework */; };
		0829D89A19172DBE005E4B1D /* UIKit.framework in Frameworks */ = {isa = PBXBuildFile; fileRef = 0829D89919172DBE005E4B1D /* UIKit.framework */; };
		0829D8A019172DBE005E4B1D /* InfoPlist.strings in Resources */ = {isa = PBXBuildFile; fileRef = 0829D89E19172DBE005E4B1D /* InfoPlist.strings */; };
		0829D8A819172DBE005E4B1D /* Images.xcassets in Resources */ = {isa = PBXBuildFile; fileRef = 0829D8A719172DBE005E4B1D /* Images.xcassets */; };
		0829D8AF19172DBE005E4B1D /* XCTest.framework in Frameworks */ = {isa = PBXBuildFile; fileRef = 0829D8AE19172DBE005E4B1D /* XCTest.framework */; };
		0829D8B019172DBE005E4B1D /* Foundation.framework in Frameworks */ = {isa = PBXBuildFile; fileRef = 0829D89519172DBE005E4B1D /* Foundation.framework */; };
		0829D8B119172DBE005E4B1D /* UIKit.framework in Frameworks */ = {isa = PBXBuildFile; fileRef = 0829D89919172DBE005E4B1D /* UIKit.framework */; };
		0829D8B919172DBE005E4B1D /* InfoPlist.strings in Resources */ = {isa = PBXBuildFile; fileRef = 0829D8B719172DBE005E4B1D /* InfoPlist.strings */; };
		0829D8BB19172DBE005E4B1D /* WuliaoaTests.m in Sources */ = {isa = PBXBuildFile; fileRef = 0829D8BA19172DBE005E4B1D /* WuliaoaTests.m */; };
		0829D8FB19173977005E4B1D /* IWHomeViewController.m in Sources */ = {isa = PBXBuildFile; fileRef = 0829D8E019173977005E4B1D /* IWHomeViewController.m */; };
		0829D8FC19173977005E4B1D /* IWTabBarViewController.m in Sources */ = {isa = PBXBuildFile; fileRef = 0829D8E619173977005E4B1D /* IWTabBarViewController.m */; };
		0829D8FE19173977005E4B1D /* IWMessageViewController.m in Sources */ = {isa = PBXBuildFile; fileRef = 0829D8F219173977005E4B1D /* IWMessageViewController.m */; };
		0829D8FF19173977005E4B1D /* IWAppDelegate.m in Sources */ = {isa = PBXBuildFile; fileRef = 0829D8F819173977005E4B1D /* IWAppDelegate.m */; };
		0829D90019173977005E4B1D /* main.m in Sources */ = {isa = PBXBuildFile; fileRef = 0829D8F919173977005E4B1D /* main.m */; };
		0829D90719173CFB005E4B1D /* UIImage+MJ.m in Sources */ = {isa = PBXBuildFile; fileRef = 0829D90619173CFB005E4B1D /* UIImage+MJ.m */; };
		0829D90A19173FFE005E4B1D /* IWTabBar.m in Sources */ = {isa = PBXBuildFile; fileRef = 0829D90919173FFE005E4B1D /* IWTabBar.m */; };
		083E0BAC1918C2D20008EA6B /* IWPageControl.m in Sources */ = {isa = PBXBuildFile; fileRef = 083E0BAB1918C2D20008EA6B /* IWPageControl.m */; };
		085052E1191C66AC006484D8 /* IWStatusCell.m in Sources */ = {isa = PBXBuildFile; fileRef = 085052E0191C66AC006484D8 /* IWStatusCell.m */; };
		085052E4191C7A27006484D8 /* IWStatusFrame.m in Sources */ = {isa = PBXBuildFile; fileRef = 085052E3191C7A27006484D8 /* IWStatusFrame.m */; };
		0857AB78191CCC5A00BB49B5 /* NSDate+MJ.m in Sources */ = {isa = PBXBuildFile; fileRef = 0857AB77191CCC5A00BB49B5 /* NSDate+MJ.m */; };
		0863B95A191B142700B6BA5F /* IWOAuthViewController.m in Sources */ = {isa = PBXBuildFile; fileRef = 0863B959191B142700B6BA5F /* IWOAuthViewController.m */; };
		0863B97C191B243000B6BA5F /* IWAccount.m in Sources */ = {isa = PBXBuildFile; fileRef = 0863B97B191B243000B6BA5F /* IWAccount.m */; };
		0863B97F191B2EB100B6BA5F /* IWWeiboTool.m in Sources */ = {isa = PBXBuildFile; fileRef = 0863B97E191B2EB100B6BA5F /* IWWeiboTool.m */; };
		0863B983191B305100B6BA5F /* IWAccountTool.m in Sources */ = {isa = PBXBuildFile; fileRef = 0863B982191B305100B6BA5F /* IWAccountTool.m */; };
		0863B9E7191B757900B6BA5F /* IWStatus.m in Sources */ = {isa = PBXBuildFile; fileRef = 0863B9E6191B757900B6BA5F /* IWStatus.m */; };
		0863B9EA191B76DC00B6BA5F /* IWUser.m in Sources */ = {isa = PBXBuildFile; fileRef = 0863B9E9191B76DC00B6BA5F /* IWUser.m */; };
		086E63901918724500DDB83F /* IWNavigationController.m in Sources */ = {isa = PBXBuildFile; fileRef = 086E638F1918724500DDB83F /* IWNavigationController.m */; };
		086E63931918803100DDB83F /* UIBarButtonItem+MJ.m in Sources */ = {isa = PBXBuildFile; fileRef = 086E63921918803100DDB83F /* UIBarButtonItem+MJ.m */; };
		086E639919188CD200DDB83F /* IWTitleButton.m in Sources */ = {isa = PBXBuildFile; fileRef = 086E639819188CD200DDB83F /* IWTitleButton.m */; };
		086E63A01918938100DDB83F /* IWNewfeatureViewController.m in Sources */ = {isa = PBXBuildFile; fileRef = 086E639F1918938100DDB83F /* IWNewfeatureViewController.m */; };
		08AFD1AD191F069700F4A911 /* IWStatusToolbar.m in Sources */ = {isa = PBXBuildFile; fileRef = 08AFD1AC191F069700F4A911 /* IWStatusToolbar.m */; };
		08AFD1B0191F1E2E00F4A911 /* IWReweetStatusView.m in Sources */ = {isa = PBXBuildFile; fileRef = 08AFD1AF191F1E2E00F4A911 /* IWReweetStatusView.m */; };
		08AFD1B3191F20BA00F4A911 /* IWStatusTopView.m in Sources */ = {isa = PBXBuildFile; fileRef = 08AFD1B2191F20BA00F4A911 /* IWStatusTopView.m */; };
		08AFD1B6191F2B7600F4A911 /* IWPhoto.m in Sources */ = {isa = PBXBuildFile; fileRef = 08AFD1B5191F2B7600F4A911 /* IWPhoto.m */; };
		08CE62781917724F002DA6BF /* IWTabBarButton.m in Sources */ = {isa = PBXBuildFile; fileRef = 08CE62771917724F002DA6BF /* IWTabBarButton.m */; };
		08CE627B191788E1002DA6BF /* IWBadgeButton.m in Sources */ = {isa = PBXBuildFile; fileRef = 08CE627A191788E1002DA6BF /* IWBadgeButton.m */; };
		08F5B3151920C05B0078735A /* new_feature_1-568h@2x.png in Resources */ = {isa = PBXBuildFile; fileRef = 08F5B3121920C05B0078735A /* new_feature_1-568h@2x.png */; };
		08F5B3161920C05B0078735A /* new_feature_2-568h@2x.png in Resources */ = {isa = PBXBuildFile; fileRef = 08F5B3131920C05B0078735A /* new_feature_2-568h@2x.png */; };
		08F5B3171920C05B0078735A /* new_feature_3-568h@2x.png in Resources */ = {isa = PBXBuildFile; fileRef = 08F5B3141920C05B0078735A /* new_feature_3-568h@2x.png */; };
		08F5B3191920C6110078735A /* IWCommon.h in Resources */ = {isa = PBXBuildFile; fileRef = 08F5B3181920C6110078735A /* IWCommon.h */; };
		2D4B52ED1928F510005E954B /* IWComposeViewController.m in Sources */ = {isa = PBXBuildFile; fileRef = 2D4B52EC1928F510005E954B /* IWComposeViewController.m */; };
		2D4B52F01928F762005E954B /* IWPlaceholderTextView.m in Sources */ = {isa = PBXBuildFile; fileRef = 2D4B52EF1928F762005E954B /* IWPlaceholderTextView.m */; };
		2D4B52F31928F94D005E954B /* IWComposeToolbar.m in Sources */ = {isa = PBXBuildFile; fileRef = 2D4B52F21928F94D005E954B /* IWComposeToolbar.m */; };
		2D4B530B19290D6D005E954B /* IWSettingCheckGroup.m in Sources */ = {isa = PBXBuildFile; fileRef = 2D4B52FB19290D6D005E954B /* IWSettingCheckGroup.m */; };
		2D4B530C19290D6D005E954B /* IWSettingGroup.m in Sources */ = {isa = PBXBuildFile; fileRef = 2D4B52FD19290D6D005E954B /* IWSettingGroup.m */; };
		2D4B530D19290D6D005E954B /* IWSettingArrowItem.m in Sources */ = {isa = PBXBuildFile; fileRef = 2D4B530019290D6D005E954B /* IWSettingArrowItem.m */; };
		2D4B530E19290D6D005E954B /* IWSettingCheckItem.m in Sources */ = {isa = PBXBuildFile; fileRef = 2D4B530219290D6D005E954B /* IWSettingCheckItem.m */; };
		2D4B530F19290D6D005E954B /* IWSettingItem.m in Sources */ = {isa = PBXBuildFile; fileRef = 2D4B530419290D6D005E954B /* IWSettingItem.m */; };
		2D4B531019290D6D005E954B /* IWSettingLabelItem.m in Sources */ = {isa = PBXBuildFile; fileRef = 2D4B530619290D6D005E954B /* IWSettingLabelItem.m */; };
		2D4B531119290D6D005E954B /* IWSettingSwitchItem.m in Sources */ = {isa = PBXBuildFile; fileRef = 2D4B530819290D6D005E954B /* IWSettingSwitchItem.m */; };
		2D4B531219290D6D005E954B /* IWSettingValueItem.m in Sources */ = {isa = PBXBuildFile; fileRef = 2D4B530A19290D6D005E954B /* IWSettingValueItem.m */; };
		2D4B532619290D72005E954B /* IWCheckViewController.m in Sources */ = {isa = PBXBuildFile; fileRef = 2D4B531519290D72005E954B /* IWCheckViewController.m */; };
		2D4B532719290D72005E954B /* IWFontViewController.m in Sources */ = {isa = PBXBuildFile; fileRef = 2D4B531719290D72005E954B /* IWFontViewController.m */; };
		2D4B532819290D72005E954B /* IWGeneralViewController.m in Sources */ = {isa = PBXBuildFile; fileRef = 2D4B531919290D72005E954B /* IWGeneralViewController.m */; };
		2D4B532919290D72005E954B /* IWIconQualityViewController.m in Sources */ = {isa = PBXBuildFile; fileRef = 2D4B531B19290D72005E954B /* IWIconQualityViewController.m */; };
		2D4B532A19290D72005E954B /* IWLanguageViewController.m in Sources */ = {isa = PBXBuildFile; fileRef = 2D4B531D19290D72005E954B /* IWLanguageViewController.m */; };
		2D4B532B19290D72005E954B /* IWMeViewController.m in Sources */ = {isa = PBXBuildFile; fileRef = 2D4B531F19290D72005E954B /* IWMeViewController.m */; };
		2D4B532C19290D72005E954B /* IWReadModeViewController.m in Sources */ = {isa = PBXBuildFile; fileRef = 2D4B532119290D72005E954B /* IWReadModeViewController.m */; };
		2D4B532D19290D72005E954B /* IWSystemSettingViewController.m in Sources */ = {isa = PBXBuildFile; fileRef = 2D4B532319290D72005E954B /* IWSystemSettingViewController.m */; };
		2D4B532E19290D72005E954B /* IWThemeBgViewController.m in Sources */ = {isa = PBXBuildFile; fileRef = 2D4B532519290D72005E954B /* IWThemeBgViewController.m */; };
		2D4B533119290DAD005E954B /* IWSettingViewController.m in Sources */ = {isa = PBXBuildFile; fileRef = 2D4B533019290DAD005E954B /* IWSettingViewController.m */; };
		2D4B533719290DFC005E954B /* IWBgCell.m in Sources */ = {isa = PBXBuildFile; fileRef = 2D4B533419290DFC005E954B /* IWBgCell.m */; };
		2D4B533819290DFC005E954B /* IWSettingCell.m in Sources */ = {isa = PBXBuildFile; fileRef = 2D4B533619290DFC005E954B /* IWSettingCell.m */; };
		2D4B534619290F09005E954B /* IWMoreViewController.m in Sources */ = {isa = PBXBuildFile; fileRef = 2D4B533B19290F09005E954B /* IWMoreViewController.m */; };
		2D4B534719290F09005E954B /* IWDiscoverViewController.m in Sources */ = {isa = PBXBuildFile; fileRef = 2D4B533D19290F09005E954B /* IWDiscoverViewController.m */; };
		2D4B534819290F09005E954B /* IWSearchBar.m in Sources */ = {isa = PBXBuildFile; fileRef = 2D4B534119290F09005E954B /* IWSearchBar.m */; };
		2D4B534919290F09005E954B /* IWDiscoverGridView.m in Sources */ = {isa = PBXBuildFile; fileRef = 2D4B534319290F09005E954B /* IWDiscoverGridView.m */; };
		2D4B534A19290F09005E954B /* IWDiscoverHeaderView.m in Sources */ = {isa = PBXBuildFile; fileRef = 2D4B534519290F09005E954B /* IWDiscoverHeaderView.m */; };
		AA65B14BF925ABFAD558A0F1 /* Pods_Wuliaoa.framework in Frameworks */ = {isa = PBXBuildFile; fileRef = 392433C7BB1151671A8981D3 /* Pods_Wuliaoa.framework */; };
/* End PBXBuildFile section */

/* Begin PBXContainerItemProxy section */
		0829D8B219172DBE005E4B1D /* PBXContainerItemProxy */ = {
			isa = PBXContainerItemProxy;
			containerPortal = 0829D88A19172DBE005E4B1D /* Project object */;
			proxyType = 1;
			remoteGlobalIDString = 0829D89119172DBE005E4B1D;
			remoteInfo = ItcastWeibo;
		};
/* End PBXContainerItemProxy section */

/* Begin PBXFileReference section */
		021CC6101E680799007322ED /* IWImageCollectView.h */ = {isa = PBXFileReference; fileEncoding = 4; lastKnownFileType = sourcecode.c.h; path = IWImageCollectView.h; sourceTree = "<group>"; };
		021CC6111E680799007322ED /* IWImageCollectView.m */ = {isa = PBXFileReference; fileEncoding = 4; lastKnownFileType = sourcecode.c.objc; path = IWImageCollectView.m; sourceTree = "<group>"; };
		021CC6141E6810D5007322ED /* LHBrowsingImageView.h */ = {isa = PBXFileReference; fileEncoding = 4; lastKnownFileType = sourcecode.c.h; path = LHBrowsingImageView.h; sourceTree = "<group>"; };
		021CC6151E6810D5007322ED /* LHBrowsingImageView.m */ = {isa = PBXFileReference; fileEncoding = 4; lastKnownFileType = sourcecode.c.objc; path = LHBrowsingImageView.m; sourceTree = "<group>"; };
		021CC6161E6810D5007322ED /* LHCollectionViewController.h */ = {isa = PBXFileReference; fileEncoding = 4; lastKnownFileType = sourcecode.c.h; path = LHCollectionViewController.h; sourceTree = "<group>"; };
		021CC6171E6810D5007322ED /* LHCollectionViewController.m */ = {isa = PBXFileReference; fileEncoding = 4; lastKnownFileType = sourcecode.c.objc; path = LHCollectionViewController.m; sourceTree = "<group>"; };
		021CC6181E6810D5007322ED /* LHConst.h */ = {isa = PBXFileReference; fileEncoding = 4; lastKnownFileType = sourcecode.c.h; path = LHConst.h; sourceTree = "<group>"; };
		021CC6191E6810D5007322ED /* LHGroupTableViewCell.h */ = {isa = PBXFileReference; fileEncoding = 4; lastKnownFileType = sourcecode.c.h; path = LHGroupTableViewCell.h; sourceTree = "<group>"; };
		021CC61A1E6810D5007322ED /* LHGroupTableViewCell.m */ = {isa = PBXFileReference; fileEncoding = 4; lastKnownFileType = sourcecode.c.objc; path = LHGroupTableViewCell.m; sourceTree = "<group>"; };
		021CC61B1E6810D5007322ED /* LHGroupViewController.h */ = {isa = PBXFileReference; fileEncoding = 4; lastKnownFileType = sourcecode.c.h; path = LHGroupViewController.h; sourceTree = "<group>"; };
		021CC61C1E6810D5007322ED /* LHGroupViewController.m */ = {isa = PBXFileReference; fileEncoding = 4; lastKnownFileType = sourcecode.c.objc; path = LHGroupViewController.m; sourceTree = "<group>"; };
		021CC61D1E6810D5007322ED /* LHPhotoList.h */ = {isa = PBXFileReference; fileEncoding = 4; lastKnownFileType = sourcecode.c.h; path = LHPhotoList.h; sourceTree = "<group>"; };
		021CC61E1E6810D5007322ED /* LHPhotoList.m */ = {isa = PBXFileReference; fileEncoding = 4; lastKnownFileType = sourcecode.c.objc; path = LHPhotoList.m; sourceTree = "<group>"; };
		0275B60D1E6976DC0076B5F6 /* UICustomCollectionView.h */ = {isa = PBXFileReference; fileEncoding = 4; lastKnownFileType = sourcecode.c.h; path = UICustomCollectionView.h; sourceTree = "<group>"; };
		0275B60E1E6976DC0076B5F6 /* UICustomCollectionView.m */ = {isa = PBXFileReference; fileEncoding = 4; lastKnownFileType = sourcecode.c.objc; path = UICustomCollectionView.m; sourceTree = "<group>"; };
		028699691E654D8000AEC1A5 /* MJPhoto.h */ = {isa = PBXFileReference; fileEncoding = 4; lastKnownFileType = sourcecode.c.h; path = MJPhoto.h; sourceTree = "<group>"; };
		0286996A1E654D8000AEC1A5 /* MJPhoto.m */ = {isa = PBXFileReference; fileEncoding = 4; lastKnownFileType = sourcecode.c.objc; path = MJPhoto.m; sourceTree = "<group>"; };
		0286996B1E654D8000AEC1A5 /* MJPhotoBrowser.bundle */ = {isa = PBXFileReference; lastKnownFileType = "wrapper.plug-in"; path = MJPhotoBrowser.bundle; sourceTree = "<group>"; };
		0286996C1E654D8000AEC1A5 /* MJPhotoBrowser.h */ = {isa = PBXFileReference; fileEncoding = 4; lastKnownFileType = sourcecode.c.h; path = MJPhotoBrowser.h; sourceTree = "<group>"; };
		0286996D1E654D8000AEC1A5 /* MJPhotoBrowser.m */ = {isa = PBXFileReference; fileEncoding = 4; lastKnownFileType = sourcecode.c.objc; path = MJPhotoBrowser.m; sourceTree = "<group>"; };
		0286996E1E654D8000AEC1A5 /* MJPhotoLoadingView.h */ = {isa = PBXFileReference; fileEncoding = 4; lastKnownFileType = sourcecode.c.h; path = MJPhotoLoadingView.h; sourceTree = "<group>"; };
		0286996F1E654D8000AEC1A5 /* MJPhotoLoadingView.m */ = {isa = PBXFileReference; fileEncoding = 4; lastKnownFileType = sourcecode.c.objc; path = MJPhotoLoadingView.m; sourceTree = "<group>"; };
		028699701E654D8000AEC1A5 /* MJPhotoProgressView.h */ = {isa = PBXFileReference; fileEncoding = 4; lastKnownFileType = sourcecode.c.h; path = MJPhotoProgressView.h; sourceTree = "<group>"; };
		028699711E654D8000AEC1A5 /* MJPhotoProgressView.m */ = {isa = PBXFileReference; fileEncoding = 4; lastKnownFileType = sourcecode.c.objc; path = MJPhotoProgressView.m; sourceTree = "<group>"; };
		028699721E654D8000AEC1A5 /* MJPhotoToolbar.h */ = {isa = PBXFileReference; fileEncoding = 4; lastKnownFileType = sourcecode.c.h; path = MJPhotoToolbar.h; sourceTree = "<group>"; };
		028699731E654D8000AEC1A5 /* MJPhotoToolbar.m */ = {isa = PBXFileReference; fileEncoding = 4; lastKnownFileType = sourcecode.c.objc; path = MJPhotoToolbar.m; sourceTree = "<group>"; };
		028699741E654D8000AEC1A5 /* MJPhotoView.h */ = {isa = PBXFileReference; fileEncoding = 4; lastKnownFileType = sourcecode.c.h; path = MJPhotoView.h; sourceTree = "<group>"; };
		028699751E654D8000AEC1A5 /* MJPhotoView.m */ = {isa = PBXFileReference; fileEncoding = 4; lastKnownFileType = sourcecode.c.objc; path = MJPhotoView.m; sourceTree = "<group>"; };
		0286997E1E654E6200AEC1A5 /* SVIndefiniteAnimatedView.h */ = {isa = PBXFileReference; fileEncoding = 4; lastKnownFileType = sourcecode.c.h; path = SVIndefiniteAnimatedView.h; sourceTree = "<group>"; };
		0286997F1E654E6200AEC1A5 /* SVIndefiniteAnimatedView.m */ = {isa = PBXFileReference; fileEncoding = 4; lastKnownFileType = sourcecode.c.objc; path = SVIndefiniteAnimatedView.m; sourceTree = "<group>"; };
		028699801E654E6200AEC1A5 /* SVProgressAnimatedView.h */ = {isa = PBXFileReference; fileEncoding = 4; lastKnownFileType = sourcecode.c.h; path = SVProgressAnimatedView.h; sourceTree = "<group>"; };
		028699811E654E6200AEC1A5 /* SVProgressAnimatedView.m */ = {isa = PBXFileReference; fileEncoding = 4; lastKnownFileType = sourcecode.c.objc; path = SVProgressAnimatedView.m; sourceTree = "<group>"; };
		028699821E654E6200AEC1A5 /* SVProgressHUD.bundle */ = {isa = PBXFileReference; lastKnownFileType = "wrapper.plug-in"; path = SVProgressHUD.bundle; sourceTree = "<group>"; };
		028699831E654E6200AEC1A5 /* SVProgressHUD.h */ = {isa = PBXFileReference; fileEncoding = 4; lastKnownFileType = sourcecode.c.h; path = SVProgressHUD.h; sourceTree = "<group>"; };
		028699841E654E6200AEC1A5 /* SVProgressHUD.m */ = {isa = PBXFileReference; fileEncoding = 4; lastKnownFileType = sourcecode.c.objc; path = SVProgressHUD.m; sourceTree = "<group>"; };
		028699851E654E6200AEC1A5 /* SVRadialGradientLayer.h */ = {isa = PBXFileReference; fileEncoding = 4; lastKnownFileType = sourcecode.c.h; path = SVRadialGradientLayer.h; sourceTree = "<group>"; };
		028699861E654E6200AEC1A5 /* SVRadialGradientLayer.m */ = {isa = PBXFileReference; fileEncoding = 4; lastKnownFileType = sourcecode.c.objc; path = SVRadialGradientLayer.m; sourceTree = "<group>"; };
		028699881E654E6200AEC1A5 /* YLGIFImage.h */ = {isa = PBXFileReference; fileEncoding = 4; lastKnownFileType = sourcecode.c.h; path = YLGIFImage.h; sourceTree = "<group>"; };
		028699891E654E6200AEC1A5 /* YLGIFImage.m */ = {isa = PBXFileReference; fileEncoding = 4; lastKnownFileType = sourcecode.c.objc; path = YLGIFImage.m; sourceTree = "<group>"; };
		0286998A1E654E6200AEC1A5 /* YLImageView.h */ = {isa = PBXFileReference; fileEncoding = 4; lastKnownFileType = sourcecode.c.h; path = YLImageView.h; sourceTree = "<group>"; };
		0286998B1E654E6200AEC1A5 /* YLImageView.m */ = {isa = PBXFileReference; fileEncoding = 4; lastKnownFileType = sourcecode.c.objc; path = YLImageView.m; sourceTree = "<group>"; };
		028BF0F31E6FA49C0064C6A3 /* BLUITextFieldView.h */ = {isa = PBXFileReference; fileEncoding = 4; lastKnownFileType = sourcecode.c.h; path = BLUITextFieldView.h; sourceTree = "<group>"; };
		028BF0F41E6FA49C0064C6A3 /* BLUITextFieldView.m */ = {isa = PBXFileReference; fileEncoding = 4; lastKnownFileType = sourcecode.c.objc; path = BLUITextFieldView.m; sourceTree = "<group>"; };
		02CA2C2D1E56ABD000C1065F /* MBProgressHUD+MJ.h */ = {isa = PBXFileReference; fileEncoding = 4; lastKnownFileType = sourcecode.c.h; path = "MBProgressHUD+MJ.h"; sourceTree = "<group>"; };
		02CA2C2E1E56ABD000C1065F /* MBProgressHUD+MJ.m */ = {isa = PBXFileReference; fileEncoding = 4; lastKnownFileType = sourcecode.c.objc; path = "MBProgressHUD+MJ.m"; sourceTree = "<group>"; };
		0825CA39191F5E690013C81A /* IWPhotosView.h */ = {isa = PBXFileReference; fileEncoding = 4; lastKnownFileType = sourcecode.c.h; path = IWPhotosView.h; sourceTree = "<group>"; };
		0825CA3A191F5E690013C81A /* IWPhotosView.m */ = {isa = PBXFileReference; fileEncoding = 4; lastKnownFileType = sourcecode.c.objc; path = IWPhotosView.m; sourceTree = "<group>"; };
		0825CA3C191F73EA0013C81A /* IWPhotoView.h */ = {isa = PBXFileReference; fileEncoding = 4; lastKnownFileType = sourcecode.c.h; path = IWPhotoView.h; sourceTree = "<group>"; };
		0825CA3D191F73EA0013C81A /* IWPhotoView.m */ = {isa = PBXFileReference; fileEncoding = 4; lastKnownFileType = sourcecode.c.objc; path = IWPhotoView.m; sourceTree = "<group>"; };
		0829D89219172DBE005E4B1D /* Wuliaoa.app */ = {isa = PBXFileReference; explicitFileType = wrapper.application; includeInIndex = 0; path = Wuliaoa.app; sourceTree = BUILT_PRODUCTS_DIR; };
		0829D89519172DBE005E4B1D /* Foundation.framework */ = {isa = PBXFileReference; lastKnownFileType = wrapper.framework; name = Foundation.framework; path = System/Library/Frameworks/Foundation.framework; sourceTree = SDKROOT; };
		0829D89719172DBE005E4B1D /* CoreGraphics.framework */ = {isa = PBXFileReference; lastKnownFileType = wrapper.framework; name = CoreGraphics.framework; path = System/Library/Frameworks/CoreGraphics.framework; sourceTree = SDKROOT; };
		0829D89919172DBE005E4B1D /* UIKit.framework */ = {isa = PBXFileReference; lastKnownFileType = wrapper.framework; name = UIKit.framework; path = System/Library/Frameworks/UIKit.framework; sourceTree = SDKROOT; };
		0829D89D19172DBE005E4B1D /* Wuliaoa-Info.plist */ = {isa = PBXFileReference; lastKnownFileType = text.plist.xml; path = "Wuliaoa-Info.plist"; sourceTree = "<group>"; };
		0829D89F19172DBE005E4B1D /* en */ = {isa = PBXFileReference; lastKnownFileType = text.plist.strings; name = en; path = en.lproj/InfoPlist.strings; sourceTree = "<group>"; };
		0829D8A719172DBE005E4B1D /* Images.xcassets */ = {isa = PBXFileReference; lastKnownFileType = folder.assetcatalog; path = Images.xcassets; sourceTree = "<group>"; };
		0829D8AD19172DBE005E4B1D /* WuliaoaTests.xctest */ = {isa = PBXFileReference; explicitFileType = wrapper.cfbundle; includeInIndex = 0; path = WuliaoaTests.xctest; sourceTree = BUILT_PRODUCTS_DIR; };
		0829D8AE19172DBE005E4B1D /* XCTest.framework */ = {isa = PBXFileReference; lastKnownFileType = wrapper.framework; name = XCTest.framework; path = Library/Frameworks/XCTest.framework; sourceTree = DEVELOPER_DIR; };
		0829D8B619172DBE005E4B1D /* WuliaoaTests-Info.plist */ = {isa = PBXFileReference; lastKnownFileType = text.plist.xml; path = "WuliaoaTests-Info.plist"; sourceTree = "<group>"; };
		0829D8B819172DBE005E4B1D /* en */ = {isa = PBXFileReference; lastKnownFileType = text.plist.strings; name = en; path = en.lproj/InfoPlist.strings; sourceTree = "<group>"; };
		0829D8BA19172DBE005E4B1D /* WuliaoaTests.m */ = {isa = PBXFileReference; lastKnownFileType = sourcecode.c.objc; path = WuliaoaTests.m; sourceTree = "<group>"; };
		0829D8DF19173977005E4B1D /* IWHomeViewController.h */ = {isa = PBXFileReference; fileEncoding = 4; lastKnownFileType = sourcecode.c.h; path = IWHomeViewController.h; sourceTree = "<group>"; };
		0829D8E019173977005E4B1D /* IWHomeViewController.m */ = {isa = PBXFileReference; fileEncoding = 4; lastKnownFileType = sourcecode.c.objc; path = IWHomeViewController.m; sourceTree = "<group>"; };
		0829D8E519173977005E4B1D /* IWTabBarViewController.h */ = {isa = PBXFileReference; fileEncoding = 4; lastKnownFileType = sourcecode.c.h; path = IWTabBarViewController.h; sourceTree = "<group>"; };
		0829D8E619173977005E4B1D /* IWTabBarViewController.m */ = {isa = PBXFileReference; fileEncoding = 4; lastKnownFileType = sourcecode.c.objc; path = IWTabBarViewController.m; sourceTree = "<group>"; };
		0829D8F119173977005E4B1D /* IWMessageViewController.h */ = {isa = PBXFileReference; fileEncoding = 4; lastKnownFileType = sourcecode.c.h; path = IWMessageViewController.h; sourceTree = "<group>"; };
		0829D8F219173977005E4B1D /* IWMessageViewController.m */ = {isa = PBXFileReference; fileEncoding = 4; lastKnownFileType = sourcecode.c.objc; path = IWMessageViewController.m; sourceTree = "<group>"; };
		0829D8F719173977005E4B1D /* IWAppDelegate.h */ = {isa = PBXFileReference; fileEncoding = 4; lastKnownFileType = sourcecode.c.h; path = IWAppDelegate.h; sourceTree = "<group>"; };
		0829D8F819173977005E4B1D /* IWAppDelegate.m */ = {isa = PBXFileReference; fileEncoding = 4; lastKnownFileType = sourcecode.c.objc; path = IWAppDelegate.m; sourceTree = "<group>"; };
		0829D8F919173977005E4B1D /* main.m */ = {isa = PBXFileReference; fileEncoding = 4; lastKnownFileType = sourcecode.c.objc; path = main.m; sourceTree = "<group>"; };
		0829D90519173CFB005E4B1D /* UIImage+MJ.h */ = {isa = PBXFileReference; fileEncoding = 4; lastKnownFileType = sourcecode.c.h; path = "UIImage+MJ.h"; sourceTree = "<group>"; };
		0829D90619173CFB005E4B1D /* UIImage+MJ.m */ = {isa = PBXFileReference; fileEncoding = 4; lastKnownFileType = sourcecode.c.objc; path = "UIImage+MJ.m"; sourceTree = "<group>"; };
		0829D90819173FFE005E4B1D /* IWTabBar.h */ = {isa = PBXFileReference; fileEncoding = 4; lastKnownFileType = sourcecode.c.h; path = IWTabBar.h; sourceTree = "<group>"; };
		0829D90919173FFE005E4B1D /* IWTabBar.m */ = {isa = PBXFileReference; fileEncoding = 4; lastKnownFileType = sourcecode.c.objc; path = IWTabBar.m; sourceTree = "<group>"; };
		083E0BAA1918C2D20008EA6B /* IWPageControl.h */ = {isa = PBXFileReference; fileEncoding = 4; lastKnownFileType = sourcecode.c.h; path = IWPageControl.h; sourceTree = "<group>"; };
		083E0BAB1918C2D20008EA6B /* IWPageControl.m */ = {isa = PBXFileReference; fileEncoding = 4; lastKnownFileType = sourcecode.c.objc; path = IWPageControl.m; sourceTree = "<group>"; };
		085052DF191C66AC006484D8 /* IWStatusCell.h */ = {isa = PBXFileReference; fileEncoding = 4; lastKnownFileType = sourcecode.c.h; path = IWStatusCell.h; sourceTree = "<group>"; };
		085052E0191C66AC006484D8 /* IWStatusCell.m */ = {isa = PBXFileReference; fileEncoding = 4; lastKnownFileType = sourcecode.c.objc; path = IWStatusCell.m; sourceTree = "<group>"; };
		085052E2191C7A27006484D8 /* IWStatusFrame.h */ = {isa = PBXFileReference; fileEncoding = 4; lastKnownFileType = sourcecode.c.h; path = IWStatusFrame.h; sourceTree = "<group>"; };
		085052E3191C7A27006484D8 /* IWStatusFrame.m */ = {isa = PBXFileReference; fileEncoding = 4; lastKnownFileType = sourcecode.c.objc; path = IWStatusFrame.m; sourceTree = "<group>"; };
		0857AB76191CCC5A00BB49B5 /* NSDate+MJ.h */ = {isa = PBXFileReference; fileEncoding = 4; lastKnownFileType = sourcecode.c.h; path = "NSDate+MJ.h"; sourceTree = "<group>"; };
		0857AB77191CCC5A00BB49B5 /* NSDate+MJ.m */ = {isa = PBXFileReference; fileEncoding = 4; lastKnownFileType = sourcecode.c.objc; path = "NSDate+MJ.m"; sourceTree = "<group>"; };
		0863B958191B142700B6BA5F /* IWOAuthViewController.h */ = {isa = PBXFileReference; fileEncoding = 4; lastKnownFileType = sourcecode.c.h; path = IWOAuthViewController.h; sourceTree = "<group>"; };
		0863B959191B142700B6BA5F /* IWOAuthViewController.m */ = {isa = PBXFileReference; fileEncoding = 4; lastKnownFileType = sourcecode.c.objc; path = IWOAuthViewController.m; sourceTree = "<group>"; };
		0863B97A191B243000B6BA5F /* IWAccount.h */ = {isa = PBXFileReference; fileEncoding = 4; lastKnownFileType = sourcecode.c.h; path = IWAccount.h; sourceTree = "<group>"; };
		0863B97B191B243000B6BA5F /* IWAccount.m */ = {isa = PBXFileReference; fileEncoding = 4; lastKnownFileType = sourcecode.c.objc; path = IWAccount.m; sourceTree = "<group>"; };
		0863B97D191B2EB100B6BA5F /* IWWeiboTool.h */ = {isa = PBXFileReference; fileEncoding = 4; lastKnownFileType = sourcecode.c.h; path = IWWeiboTool.h; sourceTree = "<group>"; };
		0863B97E191B2EB100B6BA5F /* IWWeiboTool.m */ = {isa = PBXFileReference; fileEncoding = 4; lastKnownFileType = sourcecode.c.objc; path = IWWeiboTool.m; sourceTree = "<group>"; };
		0863B981191B305100B6BA5F /* IWAccountTool.h */ = {isa = PBXFileReference; fileEncoding = 4; lastKnownFileType = sourcecode.c.h; path = IWAccountTool.h; sourceTree = "<group>"; };
		0863B982191B305100B6BA5F /* IWAccountTool.m */ = {isa = PBXFileReference; fileEncoding = 4; lastKnownFileType = sourcecode.c.objc; path = IWAccountTool.m; sourceTree = "<group>"; };
		0863B9E5191B757900B6BA5F /* IWStatus.h */ = {isa = PBXFileReference; fileEncoding = 4; lastKnownFileType = sourcecode.c.h; path = IWStatus.h; sourceTree = "<group>"; };
		0863B9E6191B757900B6BA5F /* IWStatus.m */ = {isa = PBXFileReference; fileEncoding = 4; lastKnownFileType = sourcecode.c.objc; path = IWStatus.m; sourceTree = "<group>"; };
		0863B9E8191B76DC00B6BA5F /* IWUser.h */ = {isa = PBXFileReference; fileEncoding = 4; lastKnownFileType = sourcecode.c.h; path = IWUser.h; sourceTree = "<group>"; };
		0863B9E9191B76DC00B6BA5F /* IWUser.m */ = {isa = PBXFileReference; fileEncoding = 4; lastKnownFileType = sourcecode.c.objc; path = IWUser.m; sourceTree = "<group>"; };
		086E638E1918724500DDB83F /* IWNavigationController.h */ = {isa = PBXFileReference; fileEncoding = 4; lastKnownFileType = sourcecode.c.h; path = IWNavigationController.h; sourceTree = "<group>"; };
		086E638F1918724500DDB83F /* IWNavigationController.m */ = {isa = PBXFileReference; fileEncoding = 4; lastKnownFileType = sourcecode.c.objc; path = IWNavigationController.m; sourceTree = "<group>"; };
		086E63911918803100DDB83F /* UIBarButtonItem+MJ.h */ = {isa = PBXFileReference; fileEncoding = 4; lastKnownFileType = sourcecode.c.h; path = "UIBarButtonItem+MJ.h"; sourceTree = "<group>"; };
		086E63921918803100DDB83F /* UIBarButtonItem+MJ.m */ = {isa = PBXFileReference; fileEncoding = 4; lastKnownFileType = sourcecode.c.objc; path = "UIBarButtonItem+MJ.m"; sourceTree = "<group>"; };
		086E639719188CD200DDB83F /* IWTitleButton.h */ = {isa = PBXFileReference; fileEncoding = 4; lastKnownFileType = sourcecode.c.h; path = IWTitleButton.h; sourceTree = "<group>"; };
		086E639819188CD200DDB83F /* IWTitleButton.m */ = {isa = PBXFileReference; fileEncoding = 4; lastKnownFileType = sourcecode.c.objc; path = IWTitleButton.m; sourceTree = "<group>"; };
		086E639E1918938100DDB83F /* IWNewfeatureViewController.h */ = {isa = PBXFileReference; fileEncoding = 4; lastKnownFileType = sourcecode.c.h; path = IWNewfeatureViewController.h; sourceTree = "<group>"; };
		086E639F1918938100DDB83F /* IWNewfeatureViewController.m */ = {isa = PBXFileReference; fileEncoding = 4; lastKnownFileType = sourcecode.c.objc; path = IWNewfeatureViewController.m; sourceTree = "<group>"; };
		08AFD1AB191F069700F4A911 /* IWStatusToolbar.h */ = {isa = PBXFileReference; fileEncoding = 4; lastKnownFileType = sourcecode.c.h; path = IWStatusToolbar.h; sourceTree = "<group>"; };
		08AFD1AC191F069700F4A911 /* IWStatusToolbar.m */ = {isa = PBXFileReference; fileEncoding = 4; lastKnownFileType = sourcecode.c.objc; path = IWStatusToolbar.m; sourceTree = "<group>"; };
		08AFD1AE191F1E2E00F4A911 /* IWReweetStatusView.h */ = {isa = PBXFileReference; fileEncoding = 4; lastKnownFileType = sourcecode.c.h; path = IWReweetStatusView.h; sourceTree = "<group>"; };
		08AFD1AF191F1E2E00F4A911 /* IWReweetStatusView.m */ = {isa = PBXFileReference; fileEncoding = 4; lastKnownFileType = sourcecode.c.objc; path = IWReweetStatusView.m; sourceTree = "<group>"; };
		08AFD1B1191F20BA00F4A911 /* IWStatusTopView.h */ = {isa = PBXFileReference; fileEncoding = 4; lastKnownFileType = sourcecode.c.h; path = IWStatusTopView.h; sourceTree = "<group>"; };
		08AFD1B2191F20BA00F4A911 /* IWStatusTopView.m */ = {isa = PBXFileReference; fileEncoding = 4; lastKnownFileType = sourcecode.c.objc; path = IWStatusTopView.m; sourceTree = "<group>"; };
		08AFD1B4191F2B7600F4A911 /* IWPhoto.h */ = {isa = PBXFileReference; fileEncoding = 4; lastKnownFileType = sourcecode.c.h; path = IWPhoto.h; sourceTree = "<group>"; };
		08AFD1B5191F2B7600F4A911 /* IWPhoto.m */ = {isa = PBXFileReference; fileEncoding = 4; lastKnownFileType = sourcecode.c.objc; path = IWPhoto.m; sourceTree = "<group>"; };
		08CE62761917724F002DA6BF /* IWTabBarButton.h */ = {isa = PBXFileReference; fileEncoding = 4; lastKnownFileType = sourcecode.c.h; path = IWTabBarButton.h; sourceTree = "<group>"; };
		08CE62771917724F002DA6BF /* IWTabBarButton.m */ = {isa = PBXFileReference; fileEncoding = 4; lastKnownFileType = sourcecode.c.objc; path = IWTabBarButton.m; sourceTree = "<group>"; };
		08CE6279191788E1002DA6BF /* IWBadgeButton.h */ = {isa = PBXFileReference; fileEncoding = 4; lastKnownFileType = sourcecode.c.h; path = IWBadgeButton.h; sourceTree = "<group>"; };
		08CE627A191788E1002DA6BF /* IWBadgeButton.m */ = {isa = PBXFileReference; fileEncoding = 4; lastKnownFileType = sourcecode.c.objc; path = IWBadgeButton.m; sourceTree = "<group>"; };
		08F5B3121920C05B0078735A /* new_feature_1-568h@2x.png */ = {isa = PBXFileReference; lastKnownFileType = image.png; path = "new_feature_1-568h@2x.png"; sourceTree = "<group>"; };
		08F5B3131920C05B0078735A /* new_feature_2-568h@2x.png */ = {isa = PBXFileReference; lastKnownFileType = image.png; path = "new_feature_2-568h@2x.png"; sourceTree = "<group>"; };
		08F5B3141920C05B0078735A /* new_feature_3-568h@2x.png */ = {isa = PBXFileReference; lastKnownFileType = image.png; path = "new_feature_3-568h@2x.png"; sourceTree = "<group>"; };
		08F5B3181920C6110078735A /* IWCommon.h */ = {isa = PBXFileReference; fileEncoding = 4; lastKnownFileType = sourcecode.c.h; path = IWCommon.h; sourceTree = "<group>"; };
		2D4B52EB1928F510005E954B /* IWComposeViewController.h */ = {isa = PBXFileReference; fileEncoding = 4; lastKnownFileType = sourcecode.c.h; path = IWComposeViewController.h; sourceTree = "<group>"; };
		2D4B52EC1928F510005E954B /* IWComposeViewController.m */ = {isa = PBXFileReference; fileEncoding = 4; lastKnownFileType = sourcecode.c.objc; path = IWComposeViewController.m; sourceTree = "<group>"; };
		2D4B52EE1928F762005E954B /* IWPlaceholderTextView.h */ = {isa = PBXFileReference; fileEncoding = 4; lastKnownFileType = sourcecode.c.h; path = IWPlaceholderTextView.h; sourceTree = "<group>"; };
		2D4B52EF1928F762005E954B /* IWPlaceholderTextView.m */ = {isa = PBXFileReference; fileEncoding = 4; lastKnownFileType = sourcecode.c.objc; path = IWPlaceholderTextView.m; sourceTree = "<group>"; };
		2D4B52F11928F94D005E954B /* IWComposeToolbar.h */ = {isa = PBXFileReference; fileEncoding = 4; lastKnownFileType = sourcecode.c.h; path = IWComposeToolbar.h; sourceTree = "<group>"; };
		2D4B52F21928F94D005E954B /* IWComposeToolbar.m */ = {isa = PBXFileReference; fileEncoding = 4; lastKnownFileType = sourcecode.c.objc; path = IWComposeToolbar.m; sourceTree = "<group>"; };
		2D4B52F6192903B5005E954B /* zh-Hans */ = {isa = PBXFileReference; lastKnownFileType = text.plist.strings; name = "zh-Hans"; path = "zh-Hans.lproj/InfoPlist.strings"; sourceTree = "<group>"; };
		2D4B52F7192903B5005E954B /* zh-Hans */ = {isa = PBXFileReference; lastKnownFileType = text.plist.strings; name = "zh-Hans"; path = "zh-Hans.lproj/InfoPlist.strings"; sourceTree = "<group>"; };
		2D4B52FA19290D6D005E954B /* IWSettingCheckGroup.h */ = {isa = PBXFileReference; fileEncoding = 4; lastKnownFileType = sourcecode.c.h; path = IWSettingCheckGroup.h; sourceTree = "<group>"; };
		2D4B52FB19290D6D005E954B /* IWSettingCheckGroup.m */ = {isa = PBXFileReference; fileEncoding = 4; lastKnownFileType = sourcecode.c.objc; path = IWSettingCheckGroup.m; sourceTree = "<group>"; };
		2D4B52FC19290D6D005E954B /* IWSettingGroup.h */ = {isa = PBXFileReference; fileEncoding = 4; lastKnownFileType = sourcecode.c.h; path = IWSettingGroup.h; sourceTree = "<group>"; };
		2D4B52FD19290D6D005E954B /* IWSettingGroup.m */ = {isa = PBXFileReference; fileEncoding = 4; lastKnownFileType = sourcecode.c.objc; path = IWSettingGroup.m; sourceTree = "<group>"; };
		2D4B52FF19290D6D005E954B /* IWSettingArrowItem.h */ = {isa = PBXFileReference; fileEncoding = 4; lastKnownFileType = sourcecode.c.h; path = IWSettingArrowItem.h; sourceTree = "<group>"; };
		2D4B530019290D6D005E954B /* IWSettingArrowItem.m */ = {isa = PBXFileReference; fileEncoding = 4; lastKnownFileType = sourcecode.c.objc; path = IWSettingArrowItem.m; sourceTree = "<group>"; };
		2D4B530119290D6D005E954B /* IWSettingCheckItem.h */ = {isa = PBXFileReference; fileEncoding = 4; lastKnownFileType = sourcecode.c.h; path = IWSettingCheckItem.h; sourceTree = "<group>"; };
		2D4B530219290D6D005E954B /* IWSettingCheckItem.m */ = {isa = PBXFileReference; fileEncoding = 4; lastKnownFileType = sourcecode.c.objc; path = IWSettingCheckItem.m; sourceTree = "<group>"; };
		2D4B530319290D6D005E954B /* IWSettingItem.h */ = {isa = PBXFileReference; fileEncoding = 4; lastKnownFileType = sourcecode.c.h; path = IWSettingItem.h; sourceTree = "<group>"; };
		2D4B530419290D6D005E954B /* IWSettingItem.m */ = {isa = PBXFileReference; fileEncoding = 4; lastKnownFileType = sourcecode.c.objc; path = IWSettingItem.m; sourceTree = "<group>"; };
		2D4B530519290D6D005E954B /* IWSettingLabelItem.h */ = {isa = PBXFileReference; fileEncoding = 4; lastKnownFileType = sourcecode.c.h; path = IWSettingLabelItem.h; sourceTree = "<group>"; };
		2D4B530619290D6D005E954B /* IWSettingLabelItem.m */ = {isa = PBXFileReference; fileEncoding = 4; lastKnownFileType = sourcecode.c.objc; path = IWSettingLabelItem.m; sourceTree = "<group>"; };
		2D4B530719290D6D005E954B /* IWSettingSwitchItem.h */ = {isa = PBXFileReference; fileEncoding = 4; lastKnownFileType = sourcecode.c.h; path = IWSettingSwitchItem.h; sourceTree = "<group>"; };
		2D4B530819290D6D005E954B /* IWSettingSwitchItem.m */ = {isa = PBXFileReference; fileEncoding = 4; lastKnownFileType = sourcecode.c.objc; path = IWSettingSwitchItem.m; sourceTree = "<group>"; };
		2D4B530919290D6D005E954B /* IWSettingValueItem.h */ = {isa = PBXFileReference; fileEncoding = 4; lastKnownFileType = sourcecode.c.h; path = IWSettingValueItem.h; sourceTree = "<group>"; };
		2D4B530A19290D6D005E954B /* IWSettingValueItem.m */ = {isa = PBXFileReference; fileEncoding = 4; lastKnownFileType = sourcecode.c.objc; path = IWSettingValueItem.m; sourceTree = "<group>"; };
		2D4B531419290D72005E954B /* IWCheckViewController.h */ = {isa = PBXFileReference; fileEncoding = 4; lastKnownFileType = sourcecode.c.h; path = IWCheckViewController.h; sourceTree = "<group>"; };
		2D4B531519290D72005E954B /* IWCheckViewController.m */ = {isa = PBXFileReference; fileEncoding = 4; lastKnownFileType = sourcecode.c.objc; path = IWCheckViewController.m; sourceTree = "<group>"; };
		2D4B531619290D72005E954B /* IWFontViewController.h */ = {isa = PBXFileReference; fileEncoding = 4; lastKnownFileType = sourcecode.c.h; path = IWFontViewController.h; sourceTree = "<group>"; };
		2D4B531719290D72005E954B /* IWFontViewController.m */ = {isa = PBXFileReference; fileEncoding = 4; lastKnownFileType = sourcecode.c.objc; path = IWFontViewController.m; sourceTree = "<group>"; };
		2D4B531819290D72005E954B /* IWGeneralViewController.h */ = {isa = PBXFileReference; fileEncoding = 4; lastKnownFileType = sourcecode.c.h; path = IWGeneralViewController.h; sourceTree = "<group>"; };
		2D4B531919290D72005E954B /* IWGeneralViewController.m */ = {isa = PBXFileReference; fileEncoding = 4; lastKnownFileType = sourcecode.c.objc; path = IWGeneralViewController.m; sourceTree = "<group>"; };
		2D4B531A19290D72005E954B /* IWIconQualityViewController.h */ = {isa = PBXFileReference; fileEncoding = 4; lastKnownFileType = sourcecode.c.h; path = IWIconQualityViewController.h; sourceTree = "<group>"; };
		2D4B531B19290D72005E954B /* IWIconQualityViewController.m */ = {isa = PBXFileReference; fileEncoding = 4; lastKnownFileType = sourcecode.c.objc; path = IWIconQualityViewController.m; sourceTree = "<group>"; };
		2D4B531C19290D72005E954B /* IWLanguageViewController.h */ = {isa = PBXFileReference; fileEncoding = 4; lastKnownFileType = sourcecode.c.h; path = IWLanguageViewController.h; sourceTree = "<group>"; };
		2D4B531D19290D72005E954B /* IWLanguageViewController.m */ = {isa = PBXFileReference; fileEncoding = 4; lastKnownFileType = sourcecode.c.objc; path = IWLanguageViewController.m; sourceTree = "<group>"; };
		2D4B531E19290D72005E954B /* IWMeViewController.h */ = {isa = PBXFileReference; fileEncoding = 4; lastKnownFileType = sourcecode.c.h; path = IWMeViewController.h; sourceTree = "<group>"; };
		2D4B531F19290D72005E954B /* IWMeViewController.m */ = {isa = PBXFileReference; fileEncoding = 4; lastKnownFileType = sourcecode.c.objc; path = IWMeViewController.m; sourceTree = "<group>"; };
		2D4B532019290D72005E954B /* IWReadModeViewController.h */ = {isa = PBXFileReference; fileEncoding = 4; lastKnownFileType = sourcecode.c.h; path = IWReadModeViewController.h; sourceTree = "<group>"; };
		2D4B532119290D72005E954B /* IWReadModeViewController.m */ = {isa = PBXFileReference; fileEncoding = 4; lastKnownFileType = sourcecode.c.objc; path = IWReadModeViewController.m; sourceTree = "<group>"; };
		2D4B532219290D72005E954B /* IWSystemSettingViewController.h */ = {isa = PBXFileReference; fileEncoding = 4; lastKnownFileType = sourcecode.c.h; path = IWSystemSettingViewController.h; sourceTree = "<group>"; };
		2D4B532319290D72005E954B /* IWSystemSettingViewController.m */ = {isa = PBXFileReference; fileEncoding = 4; lastKnownFileType = sourcecode.c.objc; path = IWSystemSettingViewController.m; sourceTree = "<group>"; };
		2D4B532419290D72005E954B /* IWThemeBgViewController.h */ = {isa = PBXFileReference; fileEncoding = 4; lastKnownFileType = sourcecode.c.h; path = IWThemeBgViewController.h; sourceTree = "<group>"; };
		2D4B532519290D72005E954B /* IWThemeBgViewController.m */ = {isa = PBXFileReference; fileEncoding = 4; lastKnownFileType = sourcecode.c.objc; path = IWThemeBgViewController.m; sourceTree = "<group>"; };
		2D4B532F19290DAD005E954B /* IWSettingViewController.h */ = {isa = PBXFileReference; fileEncoding = 4; lastKnownFileType = sourcecode.c.h; path = IWSettingViewController.h; sourceTree = "<group>"; };
		2D4B533019290DAD005E954B /* IWSettingViewController.m */ = {isa = PBXFileReference; fileEncoding = 4; lastKnownFileType = sourcecode.c.objc; path = IWSettingViewController.m; sourceTree = "<group>"; };
		2D4B533319290DFC005E954B /* IWBgCell.h */ = {isa = PBXFileReference; fileEncoding = 4; lastKnownFileType = sourcecode.c.h; path = IWBgCell.h; sourceTree = "<group>"; };
		2D4B533419290DFC005E954B /* IWBgCell.m */ = {isa = PBXFileReference; fileEncoding = 4; lastKnownFileType = sourcecode.c.objc; path = IWBgCell.m; sourceTree = "<group>"; };
		2D4B533519290DFC005E954B /* IWSettingCell.h */ = {isa = PBXFileReference; fileEncoding = 4; lastKnownFileType = sourcecode.c.h; path = IWSettingCell.h; sourceTree = "<group>"; };
		2D4B533619290DFC005E954B /* IWSettingCell.m */ = {isa = PBXFileReference; fileEncoding = 4; lastKnownFileType = sourcecode.c.objc; path = IWSettingCell.m; sourceTree = "<group>"; };
		2D4B533A19290F09005E954B /* IWMoreViewController.h */ = {isa = PBXFileReference; fileEncoding = 4; lastKnownFileType = sourcecode.c.h; path = IWMoreViewController.h; sourceTree = "<group>"; };
		2D4B533B19290F09005E954B /* IWMoreViewController.m */ = {isa = PBXFileReference; fileEncoding = 4; lastKnownFileType = sourcecode.c.objc; path = IWMoreViewController.m; sourceTree = "<group>"; };
		2D4B533C19290F09005E954B /* IWDiscoverViewController.h */ = {isa = PBXFileReference; fileEncoding = 4; lastKnownFileType = sourcecode.c.h; path = IWDiscoverViewController.h; sourceTree = "<group>"; };
		2D4B533D19290F09005E954B /* IWDiscoverViewController.m */ = {isa = PBXFileReference; fileEncoding = 4; lastKnownFileType = sourcecode.c.objc; path = IWDiscoverViewController.m; sourceTree = "<group>"; };
		2D4B534019290F09005E954B /* IWSearchBar.h */ = {isa = PBXFileReference; fileEncoding = 4; lastKnownFileType = sourcecode.c.h; path = IWSearchBar.h; sourceTree = "<group>"; };
		2D4B534119290F09005E954B /* IWSearchBar.m */ = {isa = PBXFileReference; fileEncoding = 4; lastKnownFileType = sourcecode.c.objc; path = IWSearchBar.m; sourceTree = "<group>"; };
		2D4B534219290F09005E954B /* IWDiscoverGridView.h */ = {isa = PBXFileReference; fileEncoding = 4; lastKnownFileType = sourcecode.c.h; path = IWDiscoverGridView.h; sourceTree = "<group>"; };
		2D4B534319290F09005E954B /* IWDiscoverGridView.m */ = {isa = PBXFileReference; fileEncoding = 4; lastKnownFileType = sourcecode.c.objc; path = IWDiscoverGridView.m; sourceTree = "<group>"; };
		2D4B534419290F09005E954B /* IWDiscoverHeaderView.h */ = {isa = PBXFileReference; fileEncoding = 4; lastKnownFileType = sourcecode.c.h; path = IWDiscoverHeaderView.h; sourceTree = "<group>"; };
		2D4B534519290F09005E954B /* IWDiscoverHeaderView.m */ = {isa = PBXFileReference; fileEncoding = 4; lastKnownFileType = sourcecode.c.objc; path = IWDiscoverHeaderView.m; sourceTree = "<group>"; };
		392433C7BB1151671A8981D3 /* Pods_Wuliaoa.framework */ = {isa = PBXFileReference; explicitFileType = wrapper.framework; includeInIndex = 0; path = Pods_Wuliaoa.framework; sourceTree = BUILT_PRODUCTS_DIR; };
		7140DCF47129BDBCE3BECDE6 /* Pods-Wuliaoa.release.xcconfig */ = {isa = PBXFileReference; includeInIndex = 1; lastKnownFileType = text.xcconfig; name = "Pods-Wuliaoa.release.xcconfig"; path = "Pods/Target Support Files/Pods-Wuliaoa/Pods-Wuliaoa.release.xcconfig"; sourceTree = "<group>"; };
		BEDA35FFE294721C6CB8E703 /* Pods-Wuliaoa.debug.xcconfig */ = {isa = PBXFileReference; includeInIndex = 1; lastKnownFileType = text.xcconfig; name = "Pods-Wuliaoa.debug.xcconfig"; path = "Pods/Target Support Files/Pods-Wuliaoa/Pods-Wuliaoa.debug.xcconfig"; sourceTree = "<group>"; };
/* End PBXFileReference section */

/* Begin PBXFrameworksBuildPhase section */
		0829D88F19172DBE005E4B1D /* Frameworks */ = {
			isa = PBXFrameworksBuildPhase;
			buildActionMask = 2147483647;
			files = (
				0829D89819172DBE005E4B1D /* CoreGraphics.framework in Frameworks */,
				0829D89A19172DBE005E4B1D /* UIKit.framework in Frameworks */,
				0829D89619172DBE005E4B1D /* Foundation.framework in Frameworks */,
				AA65B14BF925ABFAD558A0F1 /* Pods_Wuliaoa.framework in Frameworks */,
			);
			runOnlyForDeploymentPostprocessing = 0;
		};
		0829D8AA19172DBE005E4B1D /* Frameworks */ = {
			isa = PBXFrameworksBuildPhase;
			buildActionMask = 2147483647;
			files = (
				0829D8AF19172DBE005E4B1D /* XCTest.framework in Frameworks */,
				0829D8B119172DBE005E4B1D /* UIKit.framework in Frameworks */,
				0829D8B019172DBE005E4B1D /* Foundation.framework in Frameworks */,
			);
			runOnlyForDeploymentPostprocessing = 0;
		};
/* End PBXFrameworksBuildPhase section */

/* Begin PBXGroup section */
		021CC6131E6810D5007322ED /* LHBrowerImage */ = {
			isa = PBXGroup;
			children = (
				0275B60D1E6976DC0076B5F6 /* UICustomCollectionView.h */,
				0275B60E1E6976DC0076B5F6 /* UICustomCollectionView.m */,
				021CC6141E6810D5007322ED /* LHBrowsingImageView.h */,
				021CC6151E6810D5007322ED /* LHBrowsingImageView.m */,
				021CC6161E6810D5007322ED /* LHCollectionViewController.h */,
				021CC6171E6810D5007322ED /* LHCollectionViewController.m */,
				021CC6181E6810D5007322ED /* LHConst.h */,
				021CC6191E6810D5007322ED /* LHGroupTableViewCell.h */,
				021CC61A1E6810D5007322ED /* LHGroupTableViewCell.m */,
				021CC61B1E6810D5007322ED /* LHGroupViewController.h */,
				021CC61C1E6810D5007322ED /* LHGroupViewController.m */,
				021CC61D1E6810D5007322ED /* LHPhotoList.h */,
				021CC61E1E6810D5007322ED /* LHPhotoList.m */,
			);
			path = LHBrowerImage;
			sourceTree = "<group>";
		};
		028699681E654D8000AEC1A5 /* MJPhotoBrowser */ = {
			isa = PBXGroup;
			children = (
				028699691E654D8000AEC1A5 /* MJPhoto.h */,
				0286996A1E654D8000AEC1A5 /* MJPhoto.m */,
				0286996B1E654D8000AEC1A5 /* MJPhotoBrowser.bundle */,
				0286996C1E654D8000AEC1A5 /* MJPhotoBrowser.h */,
				0286996D1E654D8000AEC1A5 /* MJPhotoBrowser.m */,
				0286996E1E654D8000AEC1A5 /* MJPhotoLoadingView.h */,
				0286996F1E654D8000AEC1A5 /* MJPhotoLoadingView.m */,
				028699701E654D8000AEC1A5 /* MJPhotoProgressView.h */,
				028699711E654D8000AEC1A5 /* MJPhotoProgressView.m */,
				028699721E654D8000AEC1A5 /* MJPhotoToolbar.h */,
				028699731E654D8000AEC1A5 /* MJPhotoToolbar.m */,
				028699741E654D8000AEC1A5 /* MJPhotoView.h */,
				028699751E654D8000AEC1A5 /* MJPhotoView.m */,
			);
			path = MJPhotoBrowser;
			sourceTree = "<group>";
		};
		0286997D1E654E6200AEC1A5 /* SVProgressHUD */ = {
			isa = PBXGroup;
			children = (
				0286997E1E654E6200AEC1A5 /* SVIndefiniteAnimatedView.h */,
				0286997F1E654E6200AEC1A5 /* SVIndefiniteAnimatedView.m */,
				028699801E654E6200AEC1A5 /* SVProgressAnimatedView.h */,
				028699811E654E6200AEC1A5 /* SVProgressAnimatedView.m */,
				028699821E654E6200AEC1A5 /* SVProgressHUD.bundle */,
				028699831E654E6200AEC1A5 /* SVProgressHUD.h */,
				028699841E654E6200AEC1A5 /* SVProgressHUD.m */,
				028699851E654E6200AEC1A5 /* SVRadialGradientLayer.h */,
				028699861E654E6200AEC1A5 /* SVRadialGradientLayer.m */,
			);
			path = SVProgressHUD;
			sourceTree = "<group>";
		};
		028699871E654E6200AEC1A5 /* YLGIFImage */ = {
			isa = PBXGroup;
			children = (
				028699881E654E6200AEC1A5 /* YLGIFImage.h */,
				028699891E654E6200AEC1A5 /* YLGIFImage.m */,
				0286998A1E654E6200AEC1A5 /* YLImageView.h */,
				0286998B1E654E6200AEC1A5 /* YLImageView.m */,
			);
			path = YLGIFImage;
			sourceTree = "<group>";
		};
		028BF0F21E6FA49C0064C6A3 /* UITextFieldView */ = {
			isa = PBXGroup;
			children = (
				028BF0F31E6FA49C0064C6A3 /* BLUITextFieldView.h */,
				028BF0F41E6FA49C0064C6A3 /* BLUITextFieldView.m */,
			);
			path = UITextFieldView;
			sourceTree = "<group>";
		};
		02CA2C2C1E56ABD000C1065F /* MBProgressHUD */ = {
			isa = PBXGroup;
			children = (
				02CA2C2D1E56ABD000C1065F /* MBProgressHUD+MJ.h */,
				02CA2C2E1E56ABD000C1065F /* MBProgressHUD+MJ.m */,
			);
			path = MBProgressHUD;
			sourceTree = "<group>";
		};
		0829D88919172DBE005E4B1D = {
			isa = PBXGroup;
			children = (
				0829D89B19172DBE005E4B1D /* Wuliaoa */,
				0829D8B419172DBE005E4B1D /* WuliaoaTests */,
				0829D89419172DBE005E4B1D /* Frameworks */,
				0829D89319172DBE005E4B1D /* Products */,
				CF3B5D1BB8187FF9BCFDE673 /* Pods */,
			);
			sourceTree = "<group>";
		};
		0829D89319172DBE005E4B1D /* Products */ = {
			isa = PBXGroup;
			children = (
				0829D89219172DBE005E4B1D /* Wuliaoa.app */,
				0829D8AD19172DBE005E4B1D /* WuliaoaTests.xctest */,
			);
			name = Products;
			sourceTree = "<group>";
		};
		0829D89419172DBE005E4B1D /* Frameworks */ = {
			isa = PBXGroup;
			children = (
				0829D89519172DBE005E4B1D /* Foundation.framework */,
				0829D89719172DBE005E4B1D /* CoreGraphics.framework */,
				0829D89919172DBE005E4B1D /* UIKit.framework */,
				0829D8AE19172DBE005E4B1D /* XCTest.framework */,
				392433C7BB1151671A8981D3 /* Pods_Wuliaoa.framework */,
			);
			name = Frameworks;
			sourceTree = "<group>";
		};
		0829D89B19172DBE005E4B1D /* Wuliaoa */ = {
			isa = PBXGroup;
			children = (
				0829D8D619173977005E4B1D /* Classes */,
				0829D89C19172DBE005E4B1D /* Supporting Files */,
			);
			name = Wuliaoa;
			path = ItcastWeibo;
			sourceTree = "<group>";
		};
		0829D89C19172DBE005E4B1D /* Supporting Files */ = {
			isa = PBXGroup;
			children = (
				08F5B3121920C05B0078735A /* new_feature_1-568h@2x.png */,
				08F5B3131920C05B0078735A /* new_feature_2-568h@2x.png */,
				08F5B3141920C05B0078735A /* new_feature_3-568h@2x.png */,
				0829D8A719172DBE005E4B1D /* Images.xcassets */,
				0829D89D19172DBE005E4B1D /* Wuliaoa-Info.plist */,
				0829D89E19172DBE005E4B1D /* InfoPlist.strings */,
			);
			name = "Supporting Files";
			sourceTree = "<group>";
		};
		0829D8B419172DBE005E4B1D /* WuliaoaTests */ = {
			isa = PBXGroup;
			children = (
				0829D8BA19172DBE005E4B1D /* WuliaoaTests.m */,
				0829D8B519172DBE005E4B1D /* Supporting Files */,
			);
			name = WuliaoaTests;
			path = ItcastWeiboTests;
			sourceTree = "<group>";
		};
		0829D8B519172DBE005E4B1D /* Supporting Files */ = {
			isa = PBXGroup;
			children = (
				0829D8B619172DBE005E4B1D /* WuliaoaTests-Info.plist */,
				0829D8B719172DBE005E4B1D /* InfoPlist.strings */,
			);
			name = "Supporting Files";
			sourceTree = "<group>";
		};
		0829D8D619173977005E4B1D /* Classes */ = {
			isa = PBXGroup;
			children = (
				2D4B52E81928F4FD005E954B /* Compose(发微博) */,
				0863B956191B141200B6BA5F /* OAuth(授权) */,
				086E639A1918936200DDB83F /* Newfeature(新特性) */,
				0829D8D719173977005E4B1D /* Discover(广场) */,
				0829D8E319173977005E4B1D /* Main(主要) */,
				0829D8DD19173977005E4B1D /* Home(首页) */,
				0829D8E919173977005E4B1D /* Me(我) */,
				0829D8EF19173977005E4B1D /* Message(消息) */,
				0829D8F519173977005E4B1D /* Other(其他) */,
			);
			path = Classes;
			sourceTree = "<group>";
		};
		0829D8D719173977005E4B1D /* Discover(广场) */ = {
			isa = PBXGroup;
			children = (
				2D4B533919290F09005E954B /* Controller */,
				2D4B533E19290F09005E954B /* Model */,
				2D4B533F19290F09005E954B /* View */,
			);
			path = "Discover(广场)";
			sourceTree = "<group>";
		};
		0829D8DD19173977005E4B1D /* Home(首页) */ = {
			isa = PBXGroup;
			children = (
				0829D8DE19173977005E4B1D /* Controller */,
				0829D8E119173977005E4B1D /* Model */,
				0829D8E219173977005E4B1D /* View */,
			);
			path = "Home(首页)";
			sourceTree = "<group>";
		};
		0829D8DE19173977005E4B1D /* Controller */ = {
			isa = PBXGroup;
			children = (
				0829D8DF19173977005E4B1D /* IWHomeViewController.h */,
				0829D8E019173977005E4B1D /* IWHomeViewController.m */,
			);
			path = Controller;
			sourceTree = "<group>";
		};
		0829D8E119173977005E4B1D /* Model */ = {
			isa = PBXGroup;
			children = (
				0863B9E5191B757900B6BA5F /* IWStatus.h */,
				0863B9E6191B757900B6BA5F /* IWStatus.m */,
				085052E2191C7A27006484D8 /* IWStatusFrame.h */,
				085052E3191C7A27006484D8 /* IWStatusFrame.m */,
				0863B9E8191B76DC00B6BA5F /* IWUser.h */,
				0863B9E9191B76DC00B6BA5F /* IWUser.m */,
				08AFD1B4191F2B7600F4A911 /* IWPhoto.h */,
				08AFD1B5191F2B7600F4A911 /* IWPhoto.m */,
			);
			path = Model;
			sourceTree = "<group>";
		};
		0829D8E219173977005E4B1D /* View */ = {
			isa = PBXGroup;
			children = (
				086E639719188CD200DDB83F /* IWTitleButton.h */,
				086E639819188CD200DDB83F /* IWTitleButton.m */,
				085052DF191C66AC006484D8 /* IWStatusCell.h */,
				085052E0191C66AC006484D8 /* IWStatusCell.m */,
				08AFD1AB191F069700F4A911 /* IWStatusToolbar.h */,
				08AFD1AC191F069700F4A911 /* IWStatusToolbar.m */,
				08AFD1AE191F1E2E00F4A911 /* IWReweetStatusView.h */,
				08AFD1AF191F1E2E00F4A911 /* IWReweetStatusView.m */,
				08AFD1B1191F20BA00F4A911 /* IWStatusTopView.h */,
				08AFD1B2191F20BA00F4A911 /* IWStatusTopView.m */,
				0825CA39191F5E690013C81A /* IWPhotosView.h */,
				0825CA3A191F5E690013C81A /* IWPhotosView.m */,
				0825CA3C191F73EA0013C81A /* IWPhotoView.h */,
				0825CA3D191F73EA0013C81A /* IWPhotoView.m */,
			);
			path = View;
			sourceTree = "<group>";
		};
		0829D8E319173977005E4B1D /* Main(主要) */ = {
			isa = PBXGroup;
			children = (
				2D4B52F819290D6D005E954B /* Model */,
				0829D8E419173977005E4B1D /* Controller */,
				0829D8E819173977005E4B1D /* View */,
			);
			path = "Main(主要)";
			sourceTree = "<group>";
		};
		0829D8E419173977005E4B1D /* Controller */ = {
			isa = PBXGroup;
			children = (
				2D4B532F19290DAD005E954B /* IWSettingViewController.h */,
				2D4B533019290DAD005E954B /* IWSettingViewController.m */,
				0829D8E519173977005E4B1D /* IWTabBarViewController.h */,
				0829D8E619173977005E4B1D /* IWTabBarViewController.m */,
				086E638E1918724500DDB83F /* IWNavigationController.h */,
				086E638F1918724500DDB83F /* IWNavigationController.m */,
			);
			path = Controller;
			sourceTree = "<group>";
		};
		0829D8E819173977005E4B1D /* View */ = {
			isa = PBXGroup;
			children = (
				2D4B533219290DFC005E954B /* Cell */,
				0829D90819173FFE005E4B1D /* IWTabBar.h */,
				0829D90919173FFE005E4B1D /* IWTabBar.m */,
				08CE62761917724F002DA6BF /* IWTabBarButton.h */,
				08CE62771917724F002DA6BF /* IWTabBarButton.m */,
				08CE6279191788E1002DA6BF /* IWBadgeButton.h */,
				08CE627A191788E1002DA6BF /* IWBadgeButton.m */,
			);
			path = View;
			sourceTree = "<group>";
		};
		0829D8E919173977005E4B1D /* Me(我) */ = {
			isa = PBXGroup;
			children = (
				2D4B531319290D72005E954B /* Controller */,
				0829D8ED19173977005E4B1D /* Model */,
				0829D8EE19173977005E4B1D /* View */,
			);
			path = "Me(我)";
			sourceTree = "<group>";
		};
		0829D8ED19173977005E4B1D /* Model */ = {
			isa = PBXGroup;
			children = (
			);
			path = Model;
			sourceTree = "<group>";
		};
		0829D8EE19173977005E4B1D /* View */ = {
			isa = PBXGroup;
			children = (
			);
			path = View;
			sourceTree = "<group>";
		};
		0829D8EF19173977005E4B1D /* Message(消息) */ = {
			isa = PBXGroup;
			children = (
				0829D8F019173977005E4B1D /* Controller */,
				0829D8F319173977005E4B1D /* Model */,
				0829D8F419173977005E4B1D /* View */,
			);
			path = "Message(消息)";
			sourceTree = "<group>";
		};
		0829D8F019173977005E4B1D /* Controller */ = {
			isa = PBXGroup;
			children = (
				0829D8F119173977005E4B1D /* IWMessageViewController.h */,
				0829D8F219173977005E4B1D /* IWMessageViewController.m */,
			);
			path = Controller;
			sourceTree = "<group>";
		};
		0829D8F319173977005E4B1D /* Model */ = {
			isa = PBXGroup;
			children = (
			);
			path = Model;
			sourceTree = "<group>";
		};
		0829D8F419173977005E4B1D /* View */ = {
			isa = PBXGroup;
			children = (
			);
			path = View;
			sourceTree = "<group>";
		};
		0829D8F519173977005E4B1D /* Other(其他) */ = {
			isa = PBXGroup;
			children = (
				0863B95B191B1DAC00B6BA5F /* Lib */,
				0829D90419173CE3005E4B1D /* Category */,
				0829D8F719173977005E4B1D /* IWAppDelegate.h */,
				0829D8F819173977005E4B1D /* IWAppDelegate.m */,
				0829D8F919173977005E4B1D /* main.m */,
				0863B97D191B2EB100B6BA5F /* IWWeiboTool.h */,
				0863B97E191B2EB100B6BA5F /* IWWeiboTool.m */,
				08F5B3181920C6110078735A /* IWCommon.h */,
			);
			path = "Other(其他)";
			sourceTree = "<group>";
		};
		0829D90419173CE3005E4B1D /* Category */ = {
			isa = PBXGroup;
			children = (
				0829D90519173CFB005E4B1D /* UIImage+MJ.h */,
				0829D90619173CFB005E4B1D /* UIImage+MJ.m */,
				086E63911918803100DDB83F /* UIBarButtonItem+MJ.h */,
				086E63921918803100DDB83F /* UIBarButtonItem+MJ.m */,
				0857AB76191CCC5A00BB49B5 /* NSDate+MJ.h */,
				0857AB77191CCC5A00BB49B5 /* NSDate+MJ.m */,
			);
			path = Category;
			sourceTree = "<group>";
		};
		0863B956191B141200B6BA5F /* OAuth(授权) */ = {
			isa = PBXGroup;
			children = (
				0863B980191B304300B6BA5F /* Tool */,
				0863B979191B242000B6BA5F /* Model */,
				0863B957191B141200B6BA5F /* Controller */,
			);
			path = "OAuth(授权)";
			sourceTree = "<group>";
		};
		0863B957191B141200B6BA5F /* Controller */ = {
			isa = PBXGroup;
			children = (
				0863B958191B142700B6BA5F /* IWOAuthViewController.h */,
				0863B959191B142700B6BA5F /* IWOAuthViewController.m */,
			);
			path = Controller;
			sourceTree = "<group>";
		};
		0863B95B191B1DAC00B6BA5F /* Lib */ = {
			isa = PBXGroup;
			children = (
				028BF0F21E6FA49C0064C6A3 /* UITextFieldView */,
				021CC6131E6810D5007322ED /* LHBrowerImage */,
				0286997D1E654E6200AEC1A5 /* SVProgressHUD */,
				028699871E654E6200AEC1A5 /* YLGIFImage */,
				028699681E654D8000AEC1A5 /* MJPhotoBrowser */,
				02CA2C2C1E56ABD000C1065F /* MBProgressHUD */,
			);
			path = Lib;
			sourceTree = "<group>";
		};
		0863B979191B242000B6BA5F /* Model */ = {
			isa = PBXGroup;
			children = (
				0863B97A191B243000B6BA5F /* IWAccount.h */,
				0863B97B191B243000B6BA5F /* IWAccount.m */,
			);
			path = Model;
			sourceTree = "<group>";
		};
		0863B980191B304300B6BA5F /* Tool */ = {
			isa = PBXGroup;
			children = (
				0863B981191B305100B6BA5F /* IWAccountTool.h */,
				0863B982191B305100B6BA5F /* IWAccountTool.m */,
			);
			path = Tool;
			sourceTree = "<group>";
		};
		086E639A1918936200DDB83F /* Newfeature(新特性) */ = {
			isa = PBXGroup;
			children = (
				086E639B1918936200DDB83F /* Controller */,
				086E639C1918936200DDB83F /* Model */,
				086E639D1918936200DDB83F /* View */,
			);
			path = "Newfeature(新特性)";
			sourceTree = "<group>";
		};
		086E639B1918936200DDB83F /* Controller */ = {
			isa = PBXGroup;
			children = (
				086E639E1918938100DDB83F /* IWNewfeatureViewController.h */,
				086E639F1918938100DDB83F /* IWNewfeatureViewController.m */,
			);
			path = Controller;
			sourceTree = "<group>";
		};
		086E639C1918936200DDB83F /* Model */ = {
			isa = PBXGroup;
			children = (
			);
			path = Model;
			sourceTree = "<group>";
		};
		086E639D1918936200DDB83F /* View */ = {
			isa = PBXGroup;
			children = (
				083E0BAA1918C2D20008EA6B /* IWPageControl.h */,
				083E0BAB1918C2D20008EA6B /* IWPageControl.m */,
			);
			path = View;
			sourceTree = "<group>";
		};
		2D4B52E81928F4FD005E954B /* Compose(发微博) */ = {
			isa = PBXGroup;
			children = (
				2D4B52E91928F4FD005E954B /* Controller */,
				2D4B52EA1928F4FD005E954B /* View */,
			);
			path = "Compose(发微博)";
			sourceTree = "<group>";
		};
		2D4B52E91928F4FD005E954B /* Controller */ = {
			isa = PBXGroup;
			children = (
				2D4B52EB1928F510005E954B /* IWComposeViewController.h */,
				2D4B52EC1928F510005E954B /* IWComposeViewController.m */,
			);
			path = Controller;
			sourceTree = "<group>";
		};
		2D4B52EA1928F4FD005E954B /* View */ = {
			isa = PBXGroup;
			children = (
				2D4B52EE1928F762005E954B /* IWPlaceholderTextView.h */,
				2D4B52EF1928F762005E954B /* IWPlaceholderTextView.m */,
				2D4B52F11928F94D005E954B /* IWComposeToolbar.h */,
				2D4B52F21928F94D005E954B /* IWComposeToolbar.m */,
				021CC6101E680799007322ED /* IWImageCollectView.h */,
				021CC6111E680799007322ED /* IWImageCollectView.m */,
			);
			path = View;
			sourceTree = "<group>";
		};
		2D4B52F819290D6D005E954B /* Model */ = {
			isa = PBXGroup;
			children = (
				2D4B52F919290D6D005E954B /* Group */,
				2D4B52FE19290D6D005E954B /* Item */,
			);
			path = Model;
			sourceTree = "<group>";
		};
		2D4B52F919290D6D005E954B /* Group */ = {
			isa = PBXGroup;
			children = (
				2D4B52FA19290D6D005E954B /* IWSettingCheckGroup.h */,
				2D4B52FB19290D6D005E954B /* IWSettingCheckGroup.m */,
				2D4B52FC19290D6D005E954B /* IWSettingGroup.h */,
				2D4B52FD19290D6D005E954B /* IWSettingGroup.m */,
			);
			path = Group;
			sourceTree = "<group>";
		};
		2D4B52FE19290D6D005E954B /* Item */ = {
			isa = PBXGroup;
			children = (
				2D4B52FF19290D6D005E954B /* IWSettingArrowItem.h */,
				2D4B530019290D6D005E954B /* IWSettingArrowItem.m */,
				2D4B530119290D6D005E954B /* IWSettingCheckItem.h */,
				2D4B530219290D6D005E954B /* IWSettingCheckItem.m */,
				2D4B530319290D6D005E954B /* IWSettingItem.h */,
				2D4B530419290D6D005E954B /* IWSettingItem.m */,
				2D4B530519290D6D005E954B /* IWSettingLabelItem.h */,
				2D4B530619290D6D005E954B /* IWSettingLabelItem.m */,
				2D4B530719290D6D005E954B /* IWSettingSwitchItem.h */,
				2D4B530819290D6D005E954B /* IWSettingSwitchItem.m */,
				2D4B530919290D6D005E954B /* IWSettingValueItem.h */,
				2D4B530A19290D6D005E954B /* IWSettingValueItem.m */,
			);
			path = Item;
			sourceTree = "<group>";
		};
		2D4B531319290D72005E954B /* Controller */ = {
			isa = PBXGroup;
			children = (
				2D4B531419290D72005E954B /* IWCheckViewController.h */,
				2D4B531519290D72005E954B /* IWCheckViewController.m */,
				2D4B531619290D72005E954B /* IWFontViewController.h */,
				2D4B531719290D72005E954B /* IWFontViewController.m */,
				2D4B531819290D72005E954B /* IWGeneralViewController.h */,
				2D4B531919290D72005E954B /* IWGeneralViewController.m */,
				2D4B531A19290D72005E954B /* IWIconQualityViewController.h */,
				2D4B531B19290D72005E954B /* IWIconQualityViewController.m */,
				2D4B531C19290D72005E954B /* IWLanguageViewController.h */,
				2D4B531D19290D72005E954B /* IWLanguageViewController.m */,
				2D4B531E19290D72005E954B /* IWMeViewController.h */,
				2D4B531F19290D72005E954B /* IWMeViewController.m */,
				2D4B532019290D72005E954B /* IWReadModeViewController.h */,
				2D4B532119290D72005E954B /* IWReadModeViewController.m */,
				2D4B532219290D72005E954B /* IWSystemSettingViewController.h */,
				2D4B532319290D72005E954B /* IWSystemSettingViewController.m */,
				2D4B532419290D72005E954B /* IWThemeBgViewController.h */,
				2D4B532519290D72005E954B /* IWThemeBgViewController.m */,
			);
			path = Controller;
			sourceTree = "<group>";
		};
		2D4B533219290DFC005E954B /* Cell */ = {
			isa = PBXGroup;
			children = (
				2D4B533319290DFC005E954B /* IWBgCell.h */,
				2D4B533419290DFC005E954B /* IWBgCell.m */,
				2D4B533519290DFC005E954B /* IWSettingCell.h */,
				2D4B533619290DFC005E954B /* IWSettingCell.m */,
			);
			path = Cell;
			sourceTree = "<group>";
		};
		2D4B533919290F09005E954B /* Controller */ = {
			isa = PBXGroup;
			children = (
				2D4B533A19290F09005E954B /* IWMoreViewController.h */,
				2D4B533B19290F09005E954B /* IWMoreViewController.m */,
				2D4B533C19290F09005E954B /* IWDiscoverViewController.h */,
				2D4B533D19290F09005E954B /* IWDiscoverViewController.m */,
			);
			path = Controller;
			sourceTree = "<group>";
		};
		2D4B533E19290F09005E954B /* Model */ = {
			isa = PBXGroup;
			children = (
			);
			path = Model;
			sourceTree = "<group>";
		};
		2D4B533F19290F09005E954B /* View */ = {
			isa = PBXGroup;
			children = (
				2D4B534019290F09005E954B /* IWSearchBar.h */,
				2D4B534119290F09005E954B /* IWSearchBar.m */,
				2D4B534219290F09005E954B /* IWDiscoverGridView.h */,
				2D4B534319290F09005E954B /* IWDiscoverGridView.m */,
				2D4B534419290F09005E954B /* IWDiscoverHeaderView.h */,
				2D4B534519290F09005E954B /* IWDiscoverHeaderView.m */,
			);
			path = View;
			sourceTree = "<group>";
		};
		CF3B5D1BB8187FF9BCFDE673 /* Pods */ = {
			isa = PBXGroup;
			children = (
				BEDA35FFE294721C6CB8E703 /* Pods-Wuliaoa.debug.xcconfig */,
				7140DCF47129BDBCE3BECDE6 /* Pods-Wuliaoa.release.xcconfig */,
			);
			name = Pods;
			sourceTree = "<group>";
		};
/* End PBXGroup section */

/* Begin PBXNativeTarget section */
		0829D89119172DBE005E4B1D /* Wuliaoa */ = {
			isa = PBXNativeTarget;
			buildConfigurationList = 0829D8BE19172DBE005E4B1D /* Build configuration list for PBXNativeTarget "Wuliaoa" */;
			buildPhases = (
				FA43FF45FC5CB50D0A96068E /* [CP] Check Pods Manifest.lock */,
				0829D88E19172DBE005E4B1D /* Sources */,
				0829D88F19172DBE005E4B1D /* Frameworks */,
				0829D89019172DBE005E4B1D /* Resources */,
				332DDC73825ABA65C0BD9EEE /* [CP] Embed Pods Frameworks */,
				7089D05D6CB7637A98AE18B3 /* [CP] Copy Pods Resources */,
			);
			buildRules = (
			);
			dependencies = (
			);
			name = Wuliaoa;
			productName = ItcastWeibo;
			productReference = 0829D89219172DBE005E4B1D /* Wuliaoa.app */;
			productType = "com.apple.product-type.application";
		};
		0829D8AC19172DBE005E4B1D /* WuliaoaTests */ = {
			isa = PBXNativeTarget;
			buildConfigurationList = 0829D8C119172DBE005E4B1D /* Build configuration list for PBXNativeTarget "WuliaoaTests" */;
			buildPhases = (
				0829D8A919172DBE005E4B1D /* Sources */,
				0829D8AA19172DBE005E4B1D /* Frameworks */,
				0829D8AB19172DBE005E4B1D /* Resources */,
			);
			buildRules = (
			);
			dependencies = (
				0829D8B319172DBE005E4B1D /* PBXTargetDependency */,
			);
			name = WuliaoaTests;
			productName = ItcastWeiboTests;
			productReference = 0829D8AD19172DBE005E4B1D /* WuliaoaTests.xctest */;
			productType = "com.apple.product-type.bundle.unit-test";
		};
/* End PBXNativeTarget section */

/* Begin PBXProject section */
		0829D88A19172DBE005E4B1D /* Project object */ = {
			isa = PBXProject;
			attributes = {
				CLASSPREFIX = IW;
				LastUpgradeCheck = 0510;
				ORGANIZATIONNAME = itcast;
				TargetAttributes = {
					0829D89119172DBE005E4B1D = {
						DevelopmentTeam = 5YQ85Q9UV8;
					};
					0829D8AC19172DBE005E4B1D = {
						DevelopmentTeam = 5YQ85Q9UV8;
						TestTargetID = 0829D89119172DBE005E4B1D;
					};
				};
			};
			buildConfigurationList = 0829D88D19172DBE005E4B1D /* Build configuration list for PBXProject "Wuliaoa" */;
			compatibilityVersion = "Xcode 3.2";
			developmentRegion = English;
			hasScannedForEncodings = 0;
			knownRegions = (
				en,
				"zh-Hans",
			);
			mainGroup = 0829D88919172DBE005E4B1D;
			productRefGroup = 0829D89319172DBE005E4B1D /* Products */;
			projectDirPath = "";
			projectRoot = "";
			targets = (
				0829D89119172DBE005E4B1D /* Wuliaoa */,
				0829D8AC19172DBE005E4B1D /* WuliaoaTests */,
			);
		};
/* End PBXProject section */

/* Begin PBXResourcesBuildPhase section */
		0829D89019172DBE005E4B1D /* Resources */ = {
			isa = PBXResourcesBuildPhase;
			buildActionMask = 2147483647;
			files = (
				08F5B3191920C6110078735A /* IWCommon.h in Resources */,
				0829D8A019172DBE005E4B1D /* InfoPlist.strings in Resources */,
				0829D8A819172DBE005E4B1D /* Images.xcassets in Resources */,
				0286998E1E654E6200AEC1A5 /* SVProgressHUD.bundle in Resources */,
				08F5B3161920C05B0078735A /* new_feature_2-568h@2x.png in Resources */,
				08F5B3171920C05B0078735A /* new_feature_3-568h@2x.png in Resources */,
				08F5B3151920C05B0078735A /* new_feature_1-568h@2x.png in Resources */,
				028699771E654D8000AEC1A5 /* MJPhotoBrowser.bundle in Resources */,
			);
			runOnlyForDeploymentPostprocessing = 0;
		};
		0829D8AB19172DBE005E4B1D /* Resources */ = {
			isa = PBXResourcesBuildPhase;
			buildActionMask = 2147483647;
			files = (
				0829D8B919172DBE005E4B1D /* InfoPlist.strings in Resources */,
			);
			runOnlyForDeploymentPostprocessing = 0;
		};
/* End PBXResourcesBuildPhase section */

/* Begin PBXShellScriptBuildPhase section */
		332DDC73825ABA65C0BD9EEE /* [CP] Embed Pods Frameworks */ = {
			isa = PBXShellScriptBuildPhase;
			buildActionMask = 2147483647;
			files = (
			);
			inputPaths = (
			);
			name = "[CP] Embed Pods Frameworks";
			outputPaths = (
			);
			runOnlyForDeploymentPostprocessing = 0;
			shellPath = /bin/sh;
			shellScript = "\"${SRCROOT}/Pods/Target Support Files/Pods-Wuliaoa/Pods-Wuliaoa-frameworks.sh\"\n";
			showEnvVarsInLog = 0;
		};
		7089D05D6CB7637A98AE18B3 /* [CP] Copy Pods Resources */ = {
			isa = PBXShellScriptBuildPhase;
			buildActionMask = 2147483647;
			files = (
			);
			inputPaths = (
			);
			name = "[CP] Copy Pods Resources";
			outputPaths = (
			);
			runOnlyForDeploymentPostprocessing = 0;
			shellPath = /bin/sh;
			shellScript = "\"${SRCROOT}/Pods/Target Support Files/Pods-Wuliaoa/Pods-Wuliaoa-resources.sh\"\n";
			showEnvVarsInLog = 0;
		};
		FA43FF45FC5CB50D0A96068E /* [CP] Check Pods Manifest.lock */ = {
			isa = PBXShellScriptBuildPhase;
			buildActionMask = 2147483647;
			files = (
			);
			inputPaths = (
			);
			name = "[CP] Check Pods Manifest.lock";
			outputPaths = (
			);
			runOnlyForDeploymentPostprocessing = 0;
			shellPath = /bin/sh;
			shellScript = "diff \"${PODS_ROOT}/../Podfile.lock\" \"${PODS_ROOT}/Manifest.lock\" > /dev/null\nif [ $? != 0 ] ; then\n    # print error to STDERR\n    echo \"error: The sandbox is not in sync with the Podfile.lock. Run 'pod install' or update your CocoaPods installation.\" >&2\n    exit 1\nfi\n";
			showEnvVarsInLog = 0;
		};
/* End PBXShellScriptBuildPhase section */

/* Begin PBXSourcesBuildPhase section */
		0829D88E19172DBE005E4B1D /* Sources */ = {
			isa = PBXSourcesBuildPhase;
			buildActionMask = 2147483647;
			files = (
				0286997B1E654D8000AEC1A5 /* MJPhotoToolbar.m in Sources */,
				02CA2C2F1E56ABD000C1065F /* MBProgressHUD+MJ.m in Sources */,
				086E63931918803100DDB83F /* UIBarButtonItem+MJ.m in Sources */,
				2D4B531019290D6D005E954B /* IWSettingLabelItem.m in Sources */,
				0829D90A19173FFE005E4B1D /* IWTabBar.m in Sources */,
				08AFD1AD191F069700F4A911 /* IWStatusToolbar.m in Sources */,
				085052E1191C66AC006484D8 /* IWStatusCell.m in Sources */,
				028699921E654E6200AEC1A5 /* YLImageView.m in Sources */,
				021CC6221E6810D5007322ED /* LHGroupViewController.m in Sources */,
				2D4B530F19290D6D005E954B /* IWSettingItem.m in Sources */,
				0863B983191B305100B6BA5F /* IWAccountTool.m in Sources */,
				0829D8FE19173977005E4B1D /* IWMessageViewController.m in Sources */,
				2D4B533819290DFC005E954B /* IWSettingCell.m in Sources */,
				08AFD1B6191F2B7600F4A911 /* IWPhoto.m in Sources */,
				08CE62781917724F002DA6BF /* IWTabBarButton.m in Sources */,
				0863B9E7191B757900B6BA5F /* IWStatus.m in Sources */,
				0829D90719173CFB005E4B1D /* UIImage+MJ.m in Sources */,
				0857AB78191CCC5A00BB49B5 /* NSDate+MJ.m in Sources */,
				0829D8FF19173977005E4B1D /* IWAppDelegate.m in Sources */,
				0286998F1E654E6200AEC1A5 /* SVProgressHUD.m in Sources */,
				083E0BAC1918C2D20008EA6B /* IWPageControl.m in Sources */,
				0825CA3E191F73EA0013C81A /* IWPhotoView.m in Sources */,
				2D4B532619290D72005E954B /* IWCheckViewController.m in Sources */,
				2D4B534819290F09005E954B /* IWSearchBar.m in Sources */,
				2D4B532819290D72005E954B /* IWGeneralViewController.m in Sources */,
				2D4B533119290DAD005E954B /* IWSettingViewController.m in Sources */,
				0829D8FC19173977005E4B1D /* IWTabBarViewController.m in Sources */,
				2D4B533719290DFC005E954B /* IWBgCell.m in Sources */,
				0275B60F1E6976DC0076B5F6 /* UICustomCollectionView.m in Sources */,
				2D4B52F31928F94D005E954B /* IWComposeToolbar.m in Sources */,
				086E63901918724500DDB83F /* IWNavigationController.m in Sources */,
				021CC6121E680799007322ED /* IWImageCollectView.m in Sources */,
				028699791E654D8000AEC1A5 /* MJPhotoLoadingView.m in Sources */,
				2D4B530B19290D6D005E954B /* IWSettingCheckGroup.m in Sources */,
				2D4B532E19290D72005E954B /* IWThemeBgViewController.m in Sources */,
				2D4B531119290D6D005E954B /* IWSettingSwitchItem.m in Sources */,
				08CE627B191788E1002DA6BF /* IWBadgeButton.m in Sources */,
				2D4B530E19290D6D005E954B /* IWSettingCheckItem.m in Sources */,
				2D4B52F01928F762005E954B /* IWPlaceholderTextView.m in Sources */,
				021CC61F1E6810D5007322ED /* LHBrowsingImageView.m in Sources */,
				028BF0F51E6FA49C0064C6A3 /* BLUITextFieldView.m in Sources */,
				0863B97F191B2EB100B6BA5F /* IWWeiboTool.m in Sources */,
				0286998D1E654E6200AEC1A5 /* SVProgressAnimatedView.m in Sources */,
				2D4B52ED1928F510005E954B /* IWComposeViewController.m in Sources */,
				0286997C1E654D8000AEC1A5 /* MJPhotoView.m in Sources */,
				2D4B534A19290F09005E954B /* IWDiscoverHeaderView.m in Sources */,
				2D4B534919290F09005E954B /* IWDiscoverGridView.m in Sources */,
				2D4B530C19290D6D005E954B /* IWSettingGroup.m in Sources */,
				0286998C1E654E6200AEC1A5 /* SVIndefiniteAnimatedView.m in Sources */,
				2D4B532719290D72005E954B /* IWFontViewController.m in Sources */,
				0863B9EA191B76DC00B6BA5F /* IWUser.m in Sources */,
				2D4B532D19290D72005E954B /* IWSystemSettingViewController.m in Sources */,
				028699911E654E6200AEC1A5 /* YLGIFImage.m in Sources */,
				028699781E654D8000AEC1A5 /* MJPhotoBrowser.m in Sources */,
				0863B95A191B142700B6BA5F /* IWOAuthViewController.m in Sources */,
				0286997A1E654D8000AEC1A5 /* MJPhotoProgressView.m in Sources */,
				08AFD1B3191F20BA00F4A911 /* IWStatusTopView.m in Sources */,
				2D4B532A19290D72005E954B /* IWLanguageViewController.m in Sources */,
				021CC6211E6810D5007322ED /* LHGroupTableViewCell.m in Sources */,
				0829D90019173977005E4B1D /* main.m in Sources */,
				086E63A01918938100DDB83F /* IWNewfeatureViewController.m in Sources */,
				0863B97C191B243000B6BA5F /* IWAccount.m in Sources */,
				2D4B532919290D72005E954B /* IWIconQualityViewController.m in Sources */,
				2D4B534619290F09005E954B /* IWMoreViewController.m in Sources */,
				2D4B534719290F09005E954B /* IWDiscoverViewController.m in Sources */,
				0829D8FB19173977005E4B1D /* IWHomeViewController.m in Sources */,
				028699761E654D8000AEC1A5 /* MJPhoto.m in Sources */,
				0825CA3B191F5E690013C81A /* IWPhotosView.m in Sources */,
				021CC6231E6810D5007322ED /* LHPhotoList.m in Sources */,
				086E639919188CD200DDB83F /* IWTitleButton.m in Sources */,
				2D4B531219290D6D005E954B /* IWSettingValueItem.m in Sources */,
				2D4B532C19290D72005E954B /* IWReadModeViewController.m in Sources */,
				021CC6201E6810D5007322ED /* LHCollectionViewController.m in Sources */,
				028699901E654E6200AEC1A5 /* SVRadialGradientLayer.m in Sources */,
				2D4B532B19290D72005E954B /* IWMeViewController.m in Sources */,
				085052E4191C7A27006484D8 /* IWStatusFrame.m in Sources */,
				08AFD1B0191F1E2E00F4A911 /* IWReweetStatusView.m in Sources */,
				2D4B530D19290D6D005E954B /* IWSettingArrowItem.m in Sources */,
			);
			runOnlyForDeploymentPostprocessing = 0;
		};
		0829D8A919172DBE005E4B1D /* Sources */ = {
			isa = PBXSourcesBuildPhase;
			buildActionMask = 2147483647;
			files = (
				0829D8BB19172DBE005E4B1D /* WuliaoaTests.m in Sources */,
			);
			runOnlyForDeploymentPostprocessing = 0;
		};
/* End PBXSourcesBuildPhase section */

/* Begin PBXTargetDependency section */
		0829D8B319172DBE005E4B1D /* PBXTargetDependency */ = {
			isa = PBXTargetDependency;
			target = 0829D89119172DBE005E4B1D /* Wuliaoa */;
			targetProxy = 0829D8B219172DBE005E4B1D /* PBXContainerItemProxy */;
		};
/* End PBXTargetDependency section */

/* Begin PBXVariantGroup section */
		0829D89E19172DBE005E4B1D /* InfoPlist.strings */ = {
			isa = PBXVariantGroup;
			children = (
				0829D89F19172DBE005E4B1D /* en */,
				2D4B52F6192903B5005E954B /* zh-Hans */,
			);
			name = InfoPlist.strings;
			sourceTree = "<group>";
		};
		0829D8B719172DBE005E4B1D /* InfoPlist.strings */ = {
			isa = PBXVariantGroup;
			children = (
				0829D8B819172DBE005E4B1D /* en */,
				2D4B52F7192903B5005E954B /* zh-Hans */,
			);
			name = InfoPlist.strings;
			sourceTree = "<group>";
		};
/* End PBXVariantGroup section */

/* Begin XCBuildConfiguration section */
		0829D8BC19172DBE005E4B1D /* Debug */ = {
			isa = XCBuildConfiguration;
			buildSettings = {
				ALWAYS_SEARCH_USER_PATHS = NO;
				CLANG_CXX_LANGUAGE_STANDARD = "gnu++0x";
				CLANG_CXX_LIBRARY = "libc++";
				CLANG_ENABLE_MODULES = YES;
				CLANG_ENABLE_OBJC_ARC = YES;
				CLANG_WARN_BOOL_CONVERSION = YES;
				CLANG_WARN_CONSTANT_CONVERSION = YES;
				CLANG_WARN_DIRECT_OBJC_ISA_USAGE = YES_ERROR;
				CLANG_WARN_EMPTY_BODY = YES;
				CLANG_WARN_ENUM_CONVERSION = YES;
				CLANG_WARN_INT_CONVERSION = YES;
				CLANG_WARN_OBJC_ROOT_CLASS = YES_ERROR;
				CLANG_WARN__DUPLICATE_METHOD_MATCH = YES;
				"CODE_SIGN_IDENTITY[sdk=iphoneos*]" = "iPhone Developer";
				COPY_PHASE_STRIP = NO;
				GCC_C_LANGUAGE_STANDARD = gnu99;
				GCC_DYNAMIC_NO_PIC = NO;
				GCC_OPTIMIZATION_LEVEL = 0;
				GCC_PREPROCESSOR_DEFINITIONS = (
					"DEBUG=1",
					"$(inherited)",
				);
				GCC_SYMBOLS_PRIVATE_EXTERN = NO;
				GCC_WARN_64_TO_32_BIT_CONVERSION = YES;
				GCC_WARN_ABOUT_RETURN_TYPE = YES_ERROR;
				GCC_WARN_UNDECLARED_SELECTOR = YES;
				GCC_WARN_UNINITIALIZED_AUTOS = YES_AGGRESSIVE;
				GCC_WARN_UNUSED_FUNCTION = YES;
				GCC_WARN_UNUSED_VARIABLE = YES;
				IPHONEOS_DEPLOYMENT_TARGET = 10.0;
				ONLY_ACTIVE_ARCH = YES;
				SDKROOT = iphoneos;
			};
			name = Debug;
		};
		0829D8BD19172DBE005E4B1D /* Release */ = {
			isa = XCBuildConfiguration;
			buildSettings = {
				ALWAYS_SEARCH_USER_PATHS = NO;
				CLANG_CXX_LANGUAGE_STANDARD = "gnu++0x";
				CLANG_CXX_LIBRARY = "libc++";
				CLANG_ENABLE_MODULES = YES;
				CLANG_ENABLE_OBJC_ARC = YES;
				CLANG_WARN_BOOL_CONVERSION = YES;
				CLANG_WARN_CONSTANT_CONVERSION = YES;
				CLANG_WARN_DIRECT_OBJC_ISA_USAGE = YES_ERROR;
				CLANG_WARN_EMPTY_BODY = YES;
				CLANG_WARN_ENUM_CONVERSION = YES;
				CLANG_WARN_INT_CONVERSION = YES;
				CLANG_WARN_OBJC_ROOT_CLASS = YES_ERROR;
				CLANG_WARN__DUPLICATE_METHOD_MATCH = YES;
				"CODE_SIGN_IDENTITY[sdk=iphoneos*]" = "iPhone Developer";
				COPY_PHASE_STRIP = YES;
				ENABLE_NS_ASSERTIONS = NO;
				GCC_C_LANGUAGE_STANDARD = gnu99;
				GCC_WARN_64_TO_32_BIT_CONVERSION = YES;
				GCC_WARN_ABOUT_RETURN_TYPE = YES_ERROR;
				GCC_WARN_UNDECLARED_SELECTOR = YES;
				GCC_WARN_UNINITIALIZED_AUTOS = YES_AGGRESSIVE;
				GCC_WARN_UNUSED_FUNCTION = YES;
				GCC_WARN_UNUSED_VARIABLE = YES;
				IPHONEOS_DEPLOYMENT_TARGET = 10.0;
				SDKROOT = iphoneos;
				VALIDATE_PRODUCT = YES;
			};
			name = Release;
		};
		0829D8BF19172DBE005E4B1D /* Debug */ = {
			isa = XCBuildConfiguration;
			baseConfigurationReference = BEDA35FFE294721C6CB8E703 /* Pods-Wuliaoa.debug.xcconfig */;
			buildSettings = {
				ASSETCATALOG_COMPILER_APPICON_NAME = AppIcon;
				ASSETCATALOG_COMPILER_LAUNCHIMAGE_NAME = LaunchImage;
				DEVELOPMENT_TEAM = 5YQ85Q9UV8;
				GCC_PRECOMPILE_PREFIX_HEADER = YES;
				GCC_PREFIX_HEADER = "ItcastWeibo/Classes/Other(其他)/Wuliaoa-Prefix.pch";
				INFOPLIST_FILE = "ItcastWeibo/Wuliaoa-Info.plist";
				IPHONEOS_DEPLOYMENT_TARGET = 10.0;
				PRODUCT_BUNDLE_IDENTIFIER = cn.com.broadlink.blappsdkdemo.wuliaoa;
				PRODUCT_NAME = Wuliaoa;
				WRAPPER_EXTENSION = app;
			};
			name = Debug;
		};
		0829D8C019172DBE005E4B1D /* Release */ = {
			isa = XCBuildConfiguration;
			baseConfigurationReference = 7140DCF47129BDBCE3BECDE6 /* Pods-Wuliaoa.release.xcconfig */;
			buildSettings = {
				ASSETCATALOG_COMPILER_APPICON_NAME = AppIcon;
				ASSETCATALOG_COMPILER_LAUNCHIMAGE_NAME = LaunchImage;
				DEVELOPMENT_TEAM = 5YQ85Q9UV8;
				GCC_PRECOMPILE_PREFIX_HEADER = YES;
				GCC_PREFIX_HEADER = "ItcastWeibo/Classes/Other(其他)/Wuliaoa-Prefix.pch";
				INFOPLIST_FILE = "ItcastWeibo/Wuliaoa-Info.plist";
				IPHONEOS_DEPLOYMENT_TARGET = 10.0;
				PRODUCT_BUNDLE_IDENTIFIER = cn.com.broadlink.blappsdkdemo.wuliaoa;
				PRODUCT_NAME = Wuliaoa;
				WRAPPER_EXTENSION = app;
			};
			name = Release;
		};
		0829D8C219172DBE005E4B1D /* Debug */ = {
			isa = XCBuildConfiguration;
			buildSettings = {
				BUNDLE_LOADER = "$(BUILT_PRODUCTS_DIR)/ItcastWeibo.app/ItcastWeibo";
				DEVELOPMENT_TEAM = 5YQ85Q9UV8;
				FRAMEWORK_SEARCH_PATHS = (
					"$(SDKROOT)/Developer/Library/Frameworks",
					"$(inherited)",
					"$(DEVELOPER_FRAMEWORKS_DIR)",
				);
				GCC_PRECOMPILE_PREFIX_HEADER = YES;
				GCC_PREFIX_HEADER = "ItcastWeibo/ItcastWeibo-Prefix.pch";
				GCC_PREPROCESSOR_DEFINITIONS = (
					"DEBUG=1",
					"$(inherited)",
				);
				INFOPLIST_FILE = "ItcastWeiboTests/WuliaoaTests-Info.plist";
				PRODUCT_NAME = WuliaoaTests;
				TEST_HOST = "$(BUNDLE_LOADER)";
				WRAPPER_EXTENSION = xctest;
			};
			name = Debug;
		};
		0829D8C319172DBE005E4B1D /* Release */ = {
			isa = XCBuildConfiguration;
			buildSettings = {
				BUNDLE_LOADER = "$(BUILT_PRODUCTS_DIR)/ItcastWeibo.app/ItcastWeibo";
				DEVELOPMENT_TEAM = 5YQ85Q9UV8;
				FRAMEWORK_SEARCH_PATHS = (
					"$(SDKROOT)/Developer/Library/Frameworks",
					"$(inherited)",
					"$(DEVELOPER_FRAMEWORKS_DIR)",
				);
				GCC_PRECOMPILE_PREFIX_HEADER = YES;
				GCC_PREFIX_HEADER = "ItcastWeibo/ItcastWeibo-Prefix.pch";
				INFOPLIST_FILE = "ItcastWeiboTests/WuliaoaTests-Info.plist";
				PRODUCT_NAME = WuliaoaTests;
				TEST_HOST = "$(BUNDLE_LOADER)";
				WRAPPER_EXTENSION = xctest;
			};
			name = Release;
		};
/* End XCBuildConfiguration section */

/* Begin XCConfigurationList section */
		0829D88D19172DBE005E4B1D /* Build configuration list for PBXProject "Wuliaoa" */ = {
			isa = XCConfigurationList;
			buildConfigurations = (
				0829D8BC19172DBE005E4B1D /* Debug */,
				0829D8BD19172DBE005E4B1D /* Release */,
			);
			defaultConfigurationIsVisible = 0;
			defaultConfigurationName = Release;
		};
		0829D8BE19172DBE005E4B1D /* Build configuration list for PBXNativeTarget "Wuliaoa" */ = {
			isa = XCConfigurationList;
			buildConfigurations = (
				0829D8BF19172DBE005E4B1D /* Debug */,
				0829D8C019172DBE005E4B1D /* Release */,
			);
			defaultConfigurationIsVisible = 0;
			defaultConfigurationName = Release;
		};
		0829D8C119172DBE005E4B1D /* Build configuration list for PBXNativeTarget "WuliaoaTests" */ = {
			isa = XCConfigurationList;
			buildConfigurations = (
				0829D8C219172DBE005E4B1D /* Debug */,
				0829D8C319172DBE005E4B1D /* Release */,
			);
			defaultConfigurationIsVisible = 0;
			defaultConfigurationName = Release;
		};
/* End XCConfigurationList section */
	};
	rootObject = 0829D88A19172DBE005E4B1D /* Project object */;
}
